{
  "version": 4,
  "terraform_version": "0.12.12",
  "serial": 340,
  "lineage": "a5509251-856e-ef96-2d6d-c71195003b65",
  "outputs": {
    "instances_bastion_public_ip": {
      "value": "52.209.11.212",
      "type": "string"
    },
    "instances_private_ips": {
      "value": [
        "10.5.3.5",
        "10.5.4.16",
        "10.5.5.9"
      ],
      "type": [
        "tuple",
        [
          "string",
          "string",
          "string"
        ]
      ]
    },
    "instances_public_ips": {
      "value": [
        "10.5.0.34",
        "10.5.1.229"
      ],
      "type": [
        "tuple",
        [
          "string",
          "string"
        ]
      ]
    },
    "nat_gateway_public_ip": {
      "value": "34.250.15.182",
      "type": "string"
    },
    "ssh_private_key": {
      "value": "-----BEGIN RSA PRIVATE KEY-----\nMIIEpAIBAAKCAQEAni2t2IhxUmZR1FdM7PiM9GtdywFpb1jIJGpuIzCRYJ0CYUah\nzppDfxdpbVtwZ2DYiWrZYnr79Up4ABSUKJ6AlBHYwjWGCEqLSCTiWZrs04DD8Uph\ny10AjX4+gI6VK4HUojHSOWKpdjkYY6i0iBiCXSmjwPvX/deaJMIDgny2NifmnZ6U\nnJAkFDZJ7TkE1Ajeufji17R+WlaO8fF5hBvCE4gSWK1HmY1EIntp9XNwRzfeAOji\nGmCbm9okGyhnJ8Nc/uhidyyT6wv0cAdbHh0XTZQEznV8vRmoxhiJLsu+4SwNmlyd\nrgcM2xeOHrOYQ4C/OU1OP3M0mUsh2HzggJYtmwIDAQABAoIBAFItaSQVvsoQXnLy\n6AQ1HQXewdu14BD5DwHcSVv+34hSCep/x5COlIJyp1MpLjyHE/hQip+fRUcqaS2h\ng1eXATXsD7DWHcww7iuM/guPcXpwa1vwSN5ecusPq2keqmDwEogxWgZ2O5QwFXux\nKhmKoi/Eck7QiGZYnLx8D1a7c+6t+wcwbM1d5uY1y+BDgMZhiG33KeSdqzbA6jel\njnfDg85EUntyYaV1Pkerc12B9tFLnu1EVSvajmXozxKs/iXxYeq2MYJgNGE3V5ud\n9YAAhv41Yx5yITliueOPspvv2AbYQJtAQlbkB7KHORXufoK0v95JRoDzFLxdyHqH\n55AUiAECgYEAxvc0AGf6gKiJVPMk6ZFr2JOsmTH9bqw6mdCGLdP3/DOKDUQeGdgP\nXc7OMpRxTZAi1W/U03Fmg3cTtVXT+3ofUe/E4V9kQmUnVY+XW4Dbd4M2wbfQnkxW\nalIjWggW0GvyfcNiCm9XNh8tWWLfZIQBVKPqaaR15cA/7fAlvmEl6d0CgYEAy4Ve\nKG66x3rbvP3QAinQZsE/mNZCfbjYV1oVHUWonkhaKiJ6RKygwkKFUFWKKcnUq799\nbCHhmJ8RGhzwNDKTn4olN4ZTdKPhTl+NtFJDfxQD/So2rQfUqbbF3A5jN6u4D+8I\nTr1vm9uP5KKCPnIerNivm93syLd1/k+tAyU+CdcCgYAYpUplunuHMFlCkpPB8ud+\n/lvk5hJUgTUJFJFqX9VaAjBZkFSCMwdEQXe9QDIAv5fxBFdCkct3AWsJjUYi4m+6\nwI6MtDpBFzKWIKFJDl8hILnJqTFISoBxzxbd8h6RVq3E8kzUqhINfDMr3Vl6o/de\nOqewylRoTzYcDSE/wdzmaQKBgQC80RUUKfb7jw5Cfq/28dg5HNzl7RJvFYkRMbAZ\nIkFX6AROxwHsqMPUtmZ8q3+tWWUHmnbAVYa5VApH0cVAiBPRlhcFNohC1K/5SElt\nnEymn2k7/WgQjA1PDxTuHiMKyTPRBJEOjE35qXAMTIDNco7nCXmTAAfoB91efYkk\nO+8crQKBgQCjAKd96UVvCDybRDPnB37FNP1pO+3VdiVq1UZKdEcEtyH3mhMGDZ3D\nGdSr9VnL5i1JPPSf5ei5rT9FPJIX3A7QOFGtL/gW70//kBdYtsYxl7WLl8Nfag71\nVKm+WsSEiceIKZrcj4swt1zllmj2LzfTrDcLxpx9Jgy583LPttHC3A==\n-----END RSA PRIVATE KEY-----\n",
      "type": "string"
    },
    "ssh_public_key": {
      "value": "ssh-rsa AAAAB3NzaC1yc2EAAAADAQABAAABAQCeLa3YiHFSZlHUV0zs+Iz0a13LAWlvWMgkam4jMJFgnQJhRqHOmkN/F2ltW3BnYNiJatlievv1SngAFJQonoCUEdjCNYYISotIJOJZmuzTgMPxSmHLXQCNfj6AjpUrgdSiMdI5Yql2ORhjqLSIGIJdKaPA+9f915okwgOCfLY2J+adnpSckCQUNkntOQTUCN65+OLXtH5aVo7x8XmEG8ITiBJYrUeZjUQie2n1c3BHN94A6OIaYJub2iQbKGcnw1z+6GJ3LJPrC/RwB1seHRdNlATOdXy9GajGGIkuy77hLA2aXJ2uBwzbF44es5hDgL85TU4/czSZSyHYfOCAli2b\n",
      "type": "string"
    }
  },
  "resources": [
    {
      "mode": "data",
      "type": "aws_ami",
      "name": "default",
      "provider": "provider.aws",
      "instances": [
        {
          "schema_version": 0,
          "attributes": {
            "architecture": "x86_64",
            "block_device_mappings": [
              {
                "device_name": "/dev/xvda",
                "ebs": {
                  "delete_on_termination": "true",
                  "encrypted": "false",
                  "iops": "0",
                  "snapshot_id": "snap-01f2b7e1abc1981b3",
                  "volume_size": "8",
                  "volume_type": "gp2"
                },
                "no_device": "",
                "virtual_name": ""
              }
            ],
            "creation_date": "2020-04-07T17:30:35.000Z",
            "description": "Amazon Linux 2 AMI 2.0.20200406.0 x86_64 HVM gp2",
            "executable_users": null,
            "filter": [
              {
                "name": "name",
                "values": [
                  "amzn2-ami-hvm-2.0.????????.?-x86_64-gp2"
                ]
              }
            ],
            "hypervisor": "xen",
            "id": "ami-06ce3edf0cff21f07",
            "image_id": "ami-06ce3edf0cff21f07",
            "image_location": "amazon/amzn2-ami-hvm-2.0.20200406.0-x86_64-gp2",
            "image_owner_alias": "amazon",
            "image_type": "machine",
            "kernel_id": null,
            "most_recent": true,
            "name": "amzn2-ami-hvm-2.0.20200406.0-x86_64-gp2",
            "name_regex": null,
            "owner_id": "137112412989",
            "owners": [
              "137112412989"
            ],
            "platform": null,
            "product_codes": [],
            "public": true,
            "ramdisk_id": null,
            "root_device_name": "/dev/xvda",
            "root_device_type": "ebs",
            "root_snapshot_id": "snap-01f2b7e1abc1981b3",
            "sriov_net_support": "simple",
            "state": "available",
            "state_reason": {
              "code": "UNSET",
              "message": "UNSET"
            },
            "tags": {},
            "virtualization_type": "hvm"
          }
        }
      ]
    },
    {
      "mode": "data",
      "type": "aws_availability_zones",
      "name": "available",
      "provider": "provider.aws",
      "instances": [
        {
          "schema_version": 0,
          "attributes": {
            "all_availability_zones": null,
            "blacklisted_names": null,
            "blacklisted_zone_ids": null,
            "filter": null,
            "group_names": [
              "eu-west-1"
            ],
            "id": "2020-05-26 06:03:37.876391401 +0000 UTC",
            "names": [
              "eu-west-1a",
              "eu-west-1b",
              "eu-west-1c"
            ],
            "state": "available",
            "zone_ids": [
              "euw1-az1",
              "euw1-az2",
              "euw1-az3"
            ]
          }
        }
      ]
    },
    {
      "mode": "managed",
      "type": "aws_eip",
      "name": "nat",
      "provider": "provider.aws",
      "instances": [
        {
          "schema_version": 0,
          "attributes": {
            "allocation_id": null,
            "associate_with_private_ip": null,
            "association_id": "eipassoc-04d83f506a8b17f83",
            "customer_owned_ip": "",
            "customer_owned_ipv4_pool": "",
            "domain": "vpc",
            "id": "eipalloc-0fc9a80751b7dc4d3",
            "instance": "",
            "network_interface": "eni-05c6266d4fcbf6a68",
            "private_dns": "ip-10-5-0-239.eu-west-1.compute.internal",
            "private_ip": "10.5.0.239",
            "public_dns": "ec2-34-250-15-182.eu-west-1.compute.amazonaws.com",
            "public_ip": "34.250.15.182",
            "public_ipv4_pool": "amazon",
            "tags": {},
            "timeouts": null,
            "vpc": true
          },
          "private": "eyJlMmJmYjczMC1lY2FhLTExZTYtOGY4OC0zNDM2M2JjN2M0YzAiOnsiZGVsZXRlIjoxODAwMDAwMDAwMDAsInJlYWQiOjkwMDAwMDAwMDAwMCwidXBkYXRlIjozMDAwMDAwMDAwMDB9fQ=="
        }
      ]
    },
    {
      "mode": "managed",
      "type": "aws_instance",
      "name": "bastion",
      "provider": "provider.aws",
      "instances": [
        {
          "schema_version": 1,
          "attributes": {
            "ami": "ami-06ce3edf0cff21f07",
            "arn": "arn:aws:ec2:eu-west-1:133072409765:instance/i-01d5cbd5d8ef2a92d",
            "associate_public_ip_address": true,
            "availability_zone": "eu-west-1a",
            "cpu_core_count": 1,
            "cpu_threads_per_core": 1,
            "credit_specification": [
              {
                "cpu_credits": "standard"
              }
            ],
            "disable_api_termination": false,
            "ebs_block_device": [],
            "ebs_optimized": false,
            "ephemeral_block_device": [],
            "get_password_data": false,
            "hibernation": false,
            "host_id": null,
            "iam_instance_profile": "",
            "id": "i-01d5cbd5d8ef2a92d",
            "instance_initiated_shutdown_behavior": null,
            "instance_state": "running",
            "instance_type": "t2.micro",
            "ipv6_address_count": 0,
            "ipv6_addresses": [],
            "key_name": "elk-test",
            "metadata_options": [
              {
                "http_endpoint": "enabled",
                "http_put_response_hop_limit": 1,
                "http_tokens": "optional"
              }
            ],
            "monitoring": false,
            "network_interface": [],
            "network_interface_id": null,
            "outpost_arn": "",
            "password_data": "",
            "placement_group": "",
            "primary_network_interface_id": "eni-0d5ec778457d6aed7",
            "private_dns": "ip-10-5-0-111.eu-west-1.compute.internal",
            "private_ip": "10.5.0.111",
            "public_dns": "ec2-52-209-11-212.eu-west-1.compute.amazonaws.com",
            "public_ip": "52.209.11.212",
            "root_block_device": [
              {
                "delete_on_termination": true,
                "device_name": "/dev/xvda",
                "encrypted": false,
                "iops": 100,
                "kms_key_id": "",
                "volume_id": "vol-0102da6e825f1ccf9",
                "volume_size": 8,
                "volume_type": "gp2"
              }
            ],
            "security_groups": [],
            "source_dest_check": true,
            "subnet_id": "subnet-0751f6ed709a1e674",
            "tags": {
              "Name": "elk-test-bastion",
              "environment": "elk-test"
            },
            "tenancy": "default",
            "timeouts": null,
            "user_data": null,
            "user_data_base64": null,
            "volume_tags": {},
            "vpc_security_group_ids": [
              "sg-053f6aa16b8a3fdf4"
            ]
          },
          "private": "eyJlMmJmYjczMC1lY2FhLTExZTYtOGY4OC0zNDM2M2JjN2M0YzAiOnsiY3JlYXRlIjo2MDAwMDAwMDAwMDAsImRlbGV0ZSI6MTIwMDAwMDAwMDAwMCwidXBkYXRlIjo2MDAwMDAwMDAwMDB9LCJzY2hlbWFfdmVyc2lvbiI6IjEifQ==",
          "depends_on": [
            "aws_key_pair.main",
            "aws_security_group.public",
            "aws_subnet.public[0]",
            "data.aws_ami.default",
            "data.aws_availability_zones.available"
          ]
        }
      ]
    },
    {
      "mode": "managed",
      "type": "aws_instance",
      "name": "private",
      "each": "list",
      "provider": "provider.aws",
      "instances": [
        {
          "index_key": 0,
          "schema_version": 1,
          "attributes": {
            "ami": "ami-06ce3edf0cff21f07",
            "arn": "arn:aws:ec2:eu-west-1:133072409765:instance/i-0d5a612ea6145eaad",
            "associate_public_ip_address": false,
            "availability_zone": "eu-west-1a",
            "cpu_core_count": 1,
            "cpu_threads_per_core": 2,
            "credit_specification": [
              {
                "cpu_credits": "unlimited"
              }
            ],
            "disable_api_termination": false,
            "ebs_block_device": [],
            "ebs_optimized": false,
            "ephemeral_block_device": [],
            "get_password_data": false,
            "hibernation": false,
            "host_id": null,
            "iam_instance_profile": "",
            "id": "i-0d5a612ea6145eaad",
            "instance_initiated_shutdown_behavior": null,
            "instance_state": "running",
            "instance_type": "t3.large",
            "ipv6_address_count": 0,
            "ipv6_addresses": [],
            "key_name": "elk-test",
            "metadata_options": [
              {
                "http_endpoint": "enabled",
                "http_put_response_hop_limit": 1,
                "http_tokens": "optional"
              }
            ],
            "monitoring": false,
            "network_interface": [],
            "network_interface_id": null,
            "outpost_arn": "",
            "password_data": "",
            "placement_group": "",
            "primary_network_interface_id": "eni-0c346024d81f4324f",
            "private_dns": "ip-10-5-3-5.eu-west-1.compute.internal",
            "private_ip": "10.5.3.5",
            "public_dns": "",
            "public_ip": "",
            "root_block_device": [
              {
                "delete_on_termination": true,
                "device_name": "/dev/xvda",
                "encrypted": false,
                "iops": 100,
                "kms_key_id": "",
                "volume_id": "vol-01cb24b39eeee6f6b",
                "volume_size": 8,
                "volume_type": "gp2"
              }
            ],
            "security_groups": [],
            "source_dest_check": true,
            "subnet_id": "subnet-0aa7076001c8ded9c",
            "tags": {
              "Name": "elk-test-elasticsearch-01",
              "application": "elasticsearch",
              "environment": "elk-test",
              "exposition": "private",
              "stack": "elk"
            },
            "tenancy": "default",
            "timeouts": null,
            "user_data": "4eedad973c357712fdb87b9c7c1f478845e21ab0",
            "user_data_base64": null,
            "volume_tags": {},
            "vpc_security_group_ids": [
              "sg-0185df3cc8058bace"
            ]
          },
          "private": "eyJlMmJmYjczMC1lY2FhLTExZTYtOGY4OC0zNDM2M2JjN2M0YzAiOnsiY3JlYXRlIjo2MDAwMDAwMDAwMDAsImRlbGV0ZSI6MTIwMDAwMDAwMDAwMCwidXBkYXRlIjo2MDAwMDAwMDAwMDB9LCJzY2hlbWFfdmVyc2lvbiI6IjEifQ==",
          "depends_on": [
            "aws_key_pair.main",
            "aws_security_group.private",
            "aws_subnet.private",
            "data.aws_ami.default",
            "data.aws_availability_zones.available"
          ]
        },
        {
          "index_key": 1,
          "schema_version": 1,
          "attributes": {
            "ami": "ami-06ce3edf0cff21f07",
            "arn": "arn:aws:ec2:eu-west-1:133072409765:instance/i-0297897dfcb98317d",
            "associate_public_ip_address": false,
            "availability_zone": "eu-west-1b",
            "cpu_core_count": 1,
            "cpu_threads_per_core": 2,
            "credit_specification": [
              {
                "cpu_credits": "unlimited"
              }
            ],
            "disable_api_termination": false,
            "ebs_block_device": [],
            "ebs_optimized": false,
            "ephemeral_block_device": [],
            "get_password_data": false,
            "hibernation": false,
            "host_id": null,
            "iam_instance_profile": "",
            "id": "i-0297897dfcb98317d",
            "instance_initiated_shutdown_behavior": null,
            "instance_state": "running",
            "instance_type": "t3.large",
            "ipv6_address_count": 0,
            "ipv6_addresses": [],
            "key_name": "elk-test",
            "metadata_options": [
              {
                "http_endpoint": "enabled",
                "http_put_response_hop_limit": 1,
                "http_tokens": "optional"
              }
            ],
            "monitoring": false,
            "network_interface": [],
            "network_interface_id": null,
            "outpost_arn": "",
            "password_data": "",
            "placement_group": "",
            "primary_network_interface_id": "eni-0842dd185b6c1a079",
            "private_dns": "ip-10-5-4-16.eu-west-1.compute.internal",
            "private_ip": "10.5.4.16",
            "public_dns": "",
            "public_ip": "",
            "root_block_device": [
              {
                "delete_on_termination": true,
                "device_name": "/dev/xvda",
                "encrypted": false,
                "iops": 100,
                "kms_key_id": "",
                "volume_id": "vol-053681e3b18dfd53c",
                "volume_size": 8,
                "volume_type": "gp2"
              }
            ],
            "security_groups": [],
            "source_dest_check": true,
            "subnet_id": "subnet-096389345b2a4d7f3",
            "tags": {
              "Name": "elk-test-elasticsearch-02",
              "application": "elasticsearch",
              "environment": "elk-test",
              "exposition": "private",
              "stack": "elk"
            },
            "tenancy": "default",
            "timeouts": null,
            "user_data": "4eedad973c357712fdb87b9c7c1f478845e21ab0",
            "user_data_base64": null,
            "volume_tags": {},
            "vpc_security_group_ids": [
              "sg-0185df3cc8058bace"
            ]
          },
          "private": "eyJlMmJmYjczMC1lY2FhLTExZTYtOGY4OC0zNDM2M2JjN2M0YzAiOnsiY3JlYXRlIjo2MDAwMDAwMDAwMDAsImRlbGV0ZSI6MTIwMDAwMDAwMDAwMCwidXBkYXRlIjo2MDAwMDAwMDAwMDB9LCJzY2hlbWFfdmVyc2lvbiI6IjEifQ==",
          "depends_on": [
            "aws_key_pair.main",
            "aws_security_group.private",
            "aws_subnet.private",
            "data.aws_ami.default",
            "data.aws_availability_zones.available"
          ]
        },
        {
          "index_key": 2,
          "schema_version": 1,
          "attributes": {
            "ami": "ami-06ce3edf0cff21f07",
            "arn": "arn:aws:ec2:eu-west-1:133072409765:instance/i-0000bcc7565d611d6",
            "associate_public_ip_address": false,
            "availability_zone": "eu-west-1c",
            "cpu_core_count": 1,
            "cpu_threads_per_core": 2,
            "credit_specification": [
              {
                "cpu_credits": "unlimited"
              }
            ],
            "disable_api_termination": false,
            "ebs_block_device": [],
            "ebs_optimized": false,
            "ephemeral_block_device": [],
            "get_password_data": false,
            "hibernation": false,
            "host_id": null,
            "iam_instance_profile": "",
            "id": "i-0000bcc7565d611d6",
            "instance_initiated_shutdown_behavior": null,
            "instance_state": "running",
            "instance_type": "t3.large",
            "ipv6_address_count": 0,
            "ipv6_addresses": [],
            "key_name": "elk-test",
            "metadata_options": [
              {
                "http_endpoint": "enabled",
                "http_put_response_hop_limit": 1,
                "http_tokens": "optional"
              }
            ],
            "monitoring": false,
            "network_interface": [],
            "network_interface_id": null,
            "outpost_arn": "",
            "password_data": "",
            "placement_group": "",
            "primary_network_interface_id": "eni-03bc8fb76bc5063c7",
            "private_dns": "ip-10-5-5-9.eu-west-1.compute.internal",
            "private_ip": "10.5.5.9",
            "public_dns": "",
            "public_ip": "",
            "root_block_device": [
              {
                "delete_on_termination": true,
                "device_name": "/dev/xvda",
                "encrypted": false,
                "iops": 100,
                "kms_key_id": "",
                "volume_id": "vol-0b881e831429aa635",
                "volume_size": 8,
                "volume_type": "gp2"
              }
            ],
            "security_groups": [],
            "source_dest_check": true,
            "subnet_id": "subnet-0aa42e95f617cf788",
            "tags": {
              "Name": "elk-test-elasticsearch-03",
              "application": "elasticsearch",
              "environment": "elk-test",
              "exposition": "private",
              "stack": "elk"
            },
            "tenancy": "default",
            "timeouts": null,
            "user_data": "4eedad973c357712fdb87b9c7c1f478845e21ab0",
            "user_data_base64": null,
            "volume_tags": {},
            "vpc_security_group_ids": [
              "sg-0185df3cc8058bace"
            ]
          },
          "private": "eyJlMmJmYjczMC1lY2FhLTExZTYtOGY4OC0zNDM2M2JjN2M0YzAiOnsiY3JlYXRlIjo2MDAwMDAwMDAwMDAsImRlbGV0ZSI6MTIwMDAwMDAwMDAwMCwidXBkYXRlIjo2MDAwMDAwMDAwMDB9LCJzY2hlbWFfdmVyc2lvbiI6IjEifQ==",
          "depends_on": [
            "aws_key_pair.main",
            "aws_security_group.private",
            "aws_subnet.private",
            "data.aws_ami.default",
            "data.aws_availability_zones.available"
          ]
        }
      ]
    },
    {
      "mode": "managed",
      "type": "aws_instance",
      "name": "public",
      "each": "list",
      "provider": "provider.aws",
      "instances": [
        {
          "index_key": 0,
          "schema_version": 1,
          "attributes": {
            "ami": "ami-06ce3edf0cff21f07",
            "arn": "arn:aws:ec2:eu-west-1:133072409765:instance/i-00bd88e782174777e",
            "associate_public_ip_address": true,
            "availability_zone": "eu-west-1a",
            "cpu_core_count": 1,
            "cpu_threads_per_core": 1,
            "credit_specification": [
              {
                "cpu_credits": "standard"
              }
            ],
            "disable_api_termination": false,
            "ebs_block_device": [],
            "ebs_optimized": false,
            "ephemeral_block_device": [],
            "get_password_data": false,
            "hibernation": false,
            "host_id": null,
            "iam_instance_profile": "",
            "id": "i-00bd88e782174777e",
            "instance_initiated_shutdown_behavior": null,
            "instance_state": "running",
            "instance_type": "t2.micro",
            "ipv6_address_count": 0,
            "ipv6_addresses": [],
            "key_name": "elk-test",
            "metadata_options": [
              {
                "http_endpoint": "enabled",
                "http_put_response_hop_limit": 1,
                "http_tokens": "optional"
              }
            ],
            "monitoring": false,
            "network_interface": [],
            "network_interface_id": null,
            "outpost_arn": "",
            "password_data": "",
            "placement_group": "",
            "primary_network_interface_id": "eni-0305aad97ac477c5c",
            "private_dns": "ip-10-5-0-34.eu-west-1.compute.internal",
            "private_ip": "10.5.0.34",
            "public_dns": "ec2-34-245-74-224.eu-west-1.compute.amazonaws.com",
            "public_ip": "34.245.74.224",
            "root_block_device": [
              {
                "delete_on_termination": true,
                "device_name": "/dev/xvda",
                "encrypted": false,
                "iops": 100,
                "kms_key_id": "",
                "volume_id": "vol-00856f0888fa4fffd",
                "volume_size": 8,
                "volume_type": "gp2"
              }
            ],
            "security_groups": [],
            "source_dest_check": true,
            "subnet_id": "subnet-0751f6ed709a1e674",
            "tags": {
              "Name": "elk-test-kibana-01",
              "application": "kibana",
              "environment": "elk-test",
              "exposition": "public",
              "stack": "elk"
            },
            "tenancy": "default",
            "timeouts": null,
            "user_data": "4eedad973c357712fdb87b9c7c1f478845e21ab0",
            "user_data_base64": null,
            "volume_tags": {},
            "vpc_security_group_ids": [
              "sg-053f6aa16b8a3fdf4"
            ]
          },
          "private": "eyJlMmJmYjczMC1lY2FhLTExZTYtOGY4OC0zNDM2M2JjN2M0YzAiOnsiY3JlYXRlIjo2MDAwMDAwMDAwMDAsImRlbGV0ZSI6MTIwMDAwMDAwMDAwMCwidXBkYXRlIjo2MDAwMDAwMDAwMDB9LCJzY2hlbWFfdmVyc2lvbiI6IjEifQ==",
          "depends_on": [
            "aws_key_pair.main",
            "aws_security_group.public",
            "aws_subnet.public",
            "data.aws_ami.default",
            "data.aws_availability_zones.available"
          ]
        },
        {
          "index_key": 1,
          "schema_version": 1,
          "attributes": {
            "ami": "ami-06ce3edf0cff21f07",
            "arn": "arn:aws:ec2:eu-west-1:133072409765:instance/i-087532a0d677dfe40",
            "associate_public_ip_address": true,
            "availability_zone": "eu-west-1b",
            "cpu_core_count": 1,
            "cpu_threads_per_core": 1,
            "credit_specification": [
              {
                "cpu_credits": "standard"
              }
            ],
            "disable_api_termination": false,
            "ebs_block_device": [],
            "ebs_optimized": false,
            "ephemeral_block_device": [],
            "get_password_data": false,
            "hibernation": false,
            "host_id": null,
            "iam_instance_profile": "",
            "id": "i-087532a0d677dfe40",
            "instance_initiated_shutdown_behavior": null,
            "instance_state": "running",
            "instance_type": "t2.micro",
            "ipv6_address_count": 0,
            "ipv6_addresses": [],
            "key_name": "elk-test",
            "metadata_options": [
              {
                "http_endpoint": "enabled",
                "http_put_response_hop_limit": 1,
                "http_tokens": "optional"
              }
            ],
            "monitoring": false,
            "network_interface": [],
            "network_interface_id": null,
            "outpost_arn": "",
            "password_data": "",
            "placement_group": "",
            "primary_network_interface_id": "eni-023c1d24fb1f37905",
            "private_dns": "ip-10-5-1-229.eu-west-1.compute.internal",
            "private_ip": "10.5.1.229",
            "public_dns": "ec2-34-244-204-58.eu-west-1.compute.amazonaws.com",
            "public_ip": "34.244.204.58",
            "root_block_device": [
              {
                "delete_on_termination": true,
                "device_name": "/dev/xvda",
                "encrypted": false,
                "iops": 100,
                "kms_key_id": "",
                "volume_id": "vol-04de763a1421135a0",
                "volume_size": 8,
                "volume_type": "gp2"
              }
            ],
            "security_groups": [],
            "source_dest_check": true,
            "subnet_id": "subnet-0e2bf630d8222c28e",
            "tags": {
              "Name": "elk-test-kibana-02",
              "application": "kibana",
              "environment": "elk-test",
              "exposition": "public",
              "stack": "elk"
            },
            "tenancy": "default",
            "timeouts": null,
            "user_data": "4eedad973c357712fdb87b9c7c1f478845e21ab0",
            "user_data_base64": null,
            "volume_tags": {},
            "vpc_security_group_ids": [
              "sg-053f6aa16b8a3fdf4"
            ]
          },
          "private": "eyJlMmJmYjczMC1lY2FhLTExZTYtOGY4OC0zNDM2M2JjN2M0YzAiOnsiY3JlYXRlIjo2MDAwMDAwMDAwMDAsImRlbGV0ZSI6MTIwMDAwMDAwMDAwMCwidXBkYXRlIjo2MDAwMDAwMDAwMDB9LCJzY2hlbWFfdmVyc2lvbiI6IjEifQ==",
          "depends_on": [
            "aws_key_pair.main",
            "aws_security_group.public",
            "aws_subnet.public",
            "data.aws_ami.default",
            "data.aws_availability_zones.available"
          ]
        }
      ]
    },
    {
      "mode": "managed",
      "type": "aws_internet_gateway",
      "name": "main",
      "provider": "provider.aws",
      "instances": [
        {
          "schema_version": 0,
          "attributes": {
            "id": "igw-02ae8fd6e2780e0fa",
            "owner_id": "133072409765",
            "tags": {
              "environment": "elk-test"
            },
            "vpc_id": "vpc-0608d52fd403f89a4"
          },
          "private": "bnVsbA==",
          "depends_on": [
            "aws_vpc.main"
          ]
        }
      ]
    },
    {
      "mode": "managed",
      "type": "aws_key_pair",
      "name": "main",
      "provider": "provider.aws",
      "instances": [
        {
          "schema_version": 1,
          "attributes": {
            "fingerprint": "1d:9e:1e:b1:db:da:f0:c2:b0:ed:2f:86:d4:fd:f2:c8",
            "id": "elk-test",
            "key_name": "elk-test",
            "key_name_prefix": null,
            "key_pair_id": "key-01743cff7dea2f386",
            "public_key": "ssh-rsa AAAAB3NzaC1yc2EAAAADAQABAAABAQCeLa3YiHFSZlHUV0zs+Iz0a13LAWlvWMgkam4jMJFgnQJhRqHOmkN/F2ltW3BnYNiJatlievv1SngAFJQonoCUEdjCNYYISotIJOJZmuzTgMPxSmHLXQCNfj6AjpUrgdSiMdI5Yql2ORhjqLSIGIJdKaPA+9f915okwgOCfLY2J+adnpSckCQUNkntOQTUCN65+OLXtH5aVo7x8XmEG8ITiBJYrUeZjUQie2n1c3BHN94A6OIaYJub2iQbKGcnw1z+6GJ3LJPrC/RwB1seHRdNlATOdXy9GajGGIkuy77hLA2aXJ2uBwzbF44es5hDgL85TU4/czSZSyHYfOCAli2b",
            "tags": {}
          },
          "private": "eyJzY2hlbWFfdmVyc2lvbiI6IjEifQ==",
          "depends_on": [
            "tls_private_key.main"
          ]
        }
      ]
    },
    {
      "mode": "managed",
      "type": "aws_nat_gateway",
      "name": "nat",
      "provider": "provider.aws",
      "instances": [
        {
          "schema_version": 0,
          "attributes": {
            "allocation_id": "eipalloc-0fc9a80751b7dc4d3",
            "id": "nat-0f322dd5447a6f8ad",
            "network_interface_id": "eni-05c6266d4fcbf6a68",
            "private_ip": "10.5.0.239",
            "public_ip": "34.250.15.182",
            "subnet_id": "subnet-0751f6ed709a1e674",
            "tags": {}
          },
          "private": "bnVsbA==",
          "depends_on": [
            "aws_eip.nat",
            "aws_subnet.public[0]"
          ]
        }
      ]
    },
    {
      "mode": "managed",
      "type": "aws_route_table",
      "name": "private",
      "provider": "provider.aws",
      "instances": [
        {
          "schema_version": 0,
          "attributes": {
            "id": "rtb-04b551a02ec6d09d5",
            "owner_id": "133072409765",
            "propagating_vgws": [],
            "route": [
              {
                "cidr_block": "0.0.0.0/0",
                "egress_only_gateway_id": "",
                "gateway_id": "",
                "instance_id": "",
                "ipv6_cidr_block": "",
                "nat_gateway_id": "nat-0f322dd5447a6f8ad",
                "network_interface_id": "",
                "transit_gateway_id": "",
                "vpc_peering_connection_id": ""
              }
            ],
            "tags": {
              "environment": "elk-test",
              "exposition": "private"
            },
            "vpc_id": "vpc-0608d52fd403f89a4"
          },
          "private": "bnVsbA==",
          "depends_on": [
            "aws_nat_gateway.nat",
            "aws_vpc.main"
          ]
        }
      ]
    },
    {
      "mode": "managed",
      "type": "aws_route_table",
      "name": "public",
      "provider": "provider.aws",
      "instances": [
        {
          "schema_version": 0,
          "attributes": {
            "id": "rtb-050d359bce2c6261a",
            "owner_id": "133072409765",
            "propagating_vgws": [],
            "route": [
              {
                "cidr_block": "0.0.0.0/0",
                "egress_only_gateway_id": "",
                "gateway_id": "igw-02ae8fd6e2780e0fa",
                "instance_id": "",
                "ipv6_cidr_block": "",
                "nat_gateway_id": "",
                "network_interface_id": "",
                "transit_gateway_id": "",
                "vpc_peering_connection_id": ""
              }
            ],
            "tags": {
              "environment": "elk-test",
              "exposition": "public"
            },
            "vpc_id": "vpc-0608d52fd403f89a4"
          },
          "private": "bnVsbA==",
          "depends_on": [
            "aws_internet_gateway.main",
            "aws_vpc.main"
          ]
        }
      ]
    },
    {
      "mode": "managed",
      "type": "aws_route_table_association",
      "name": "private",
      "each": "list",
      "provider": "provider.aws",
      "instances": [
        {
          "index_key": 0,
          "schema_version": 0,
          "attributes": {
            "gateway_id": null,
            "id": "rtbassoc-00546f8266a1c4169",
            "route_table_id": "rtb-04b551a02ec6d09d5",
            "subnet_id": "subnet-0aa7076001c8ded9c"
          },
          "private": "bnVsbA==",
          "depends_on": [
            "aws_route_table.private",
            "aws_subnet.private"
          ]
        },
        {
          "index_key": 1,
          "schema_version": 0,
          "attributes": {
            "gateway_id": null,
            "id": "rtbassoc-05859a16500369d86",
            "route_table_id": "rtb-04b551a02ec6d09d5",
            "subnet_id": "subnet-096389345b2a4d7f3"
          },
          "private": "bnVsbA==",
          "depends_on": [
            "aws_route_table.private",
            "aws_subnet.private"
          ]
        },
        {
          "index_key": 2,
          "schema_version": 0,
          "attributes": {
            "gateway_id": null,
            "id": "rtbassoc-026a22d6cf5898ba8",
            "route_table_id": "rtb-04b551a02ec6d09d5",
            "subnet_id": "subnet-0aa42e95f617cf788"
          },
          "private": "bnVsbA==",
          "depends_on": [
            "aws_route_table.private",
            "aws_subnet.private"
          ]
        }
      ]
    },
    {
      "mode": "managed",
      "type": "aws_route_table_association",
      "name": "public",
      "each": "list",
      "provider": "provider.aws",
      "instances": [
        {
          "index_key": 0,
          "schema_version": 0,
          "attributes": {
            "gateway_id": null,
            "id": "rtbassoc-06a12219fea52cbbf",
            "route_table_id": "rtb-050d359bce2c6261a",
            "subnet_id": "subnet-0751f6ed709a1e674"
          },
          "private": "bnVsbA==",
          "depends_on": [
            "aws_route_table.public",
            "aws_subnet.public"
          ]
        },
        {
          "index_key": 1,
          "schema_version": 0,
          "attributes": {
            "gateway_id": null,
            "id": "rtbassoc-0f86efaec678d2692",
            "route_table_id": "rtb-050d359bce2c6261a",
            "subnet_id": "subnet-0e2bf630d8222c28e"
          },
          "private": "bnVsbA==",
          "depends_on": [
            "aws_route_table.public",
            "aws_subnet.public"
          ]
        },
        {
          "index_key": 2,
          "schema_version": 0,
          "attributes": {
            "gateway_id": null,
            "id": "rtbassoc-0681a63e31400091d",
            "route_table_id": "rtb-050d359bce2c6261a",
            "subnet_id": "subnet-04b35ee49876c2816"
          },
          "private": "bnVsbA==",
          "depends_on": [
            "aws_route_table.public",
            "aws_subnet.public"
          ]
        }
      ]
    },
    {
      "mode": "managed",
      "type": "aws_security_group",
      "name": "private",
      "provider": "provider.aws",
      "instances": [
        {
          "schema_version": 1,
          "attributes": {
            "arn": "arn:aws:ec2:eu-west-1:133072409765:security-group/sg-0185df3cc8058bace",
            "description": "Managed by Terraform",
            "egress": [
              {
                "cidr_blocks": [
                  "0.0.0.0/0"
                ],
                "description": "Allow all outbound",
                "from_port": 0,
                "ipv6_cidr_blocks": [],
                "prefix_list_ids": [],
                "protocol": "tcp",
                "security_groups": [],
                "self": false,
                "to_port": 65535
              }
            ],
            "id": "sg-0185df3cc8058bace",
            "ingress": [
              {
                "cidr_blocks": [
                  "10.5.0.0/16"
                ],
                "description": "ES Discover",
                "from_port": 9300,
                "ipv6_cidr_blocks": [],
                "prefix_list_ids": [],
                "protocol": "tcp",
                "security_groups": [],
                "self": false,
                "to_port": 9300
              },
              {
                "cidr_blocks": [
                  "10.5.0.0/16"
                ],
                "description": "ES HTTP",
                "from_port": 9200,
                "ipv6_cidr_blocks": [],
                "prefix_list_ids": [],
                "protocol": "tcp",
                "security_groups": [],
                "self": false,
                "to_port": 9200
              },
              {
                "cidr_blocks": [
                  "10.5.0.0/16"
                ],
                "description": "SSH",
                "from_port": 22,
                "ipv6_cidr_blocks": [],
                "prefix_list_ids": [],
                "protocol": "tcp",
                "security_groups": [],
                "self": false,
                "to_port": 22
              }
            ],
            "name": "terraform-20200526054334518800000002",
            "name_prefix": null,
            "owner_id": "133072409765",
            "revoke_rules_on_delete": false,
            "tags": {
              "Name": "elk-test-private",
              "environment": "test",
              "exposition": "private"
            },
            "timeouts": null,
            "vpc_id": "vpc-0608d52fd403f89a4"
          },
          "private": "eyJlMmJmYjczMC1lY2FhLTExZTYtOGY4OC0zNDM2M2JjN2M0YzAiOnsiY3JlYXRlIjo2MDAwMDAwMDAwMDAsImRlbGV0ZSI6NjAwMDAwMDAwMDAwfSwic2NoZW1hX3ZlcnNpb24iOiIxIn0=",
          "depends_on": [
            "aws_vpc.main"
          ]
        }
      ]
    },
    {
      "mode": "managed",
      "type": "aws_security_group",
      "name": "public",
      "provider": "provider.aws",
      "instances": [
        {
          "schema_version": 1,
          "attributes": {
            "arn": "arn:aws:ec2:eu-west-1:133072409765:security-group/sg-053f6aa16b8a3fdf4",
            "description": "Managed by Terraform",
            "egress": [
              {
                "cidr_blocks": [
                  "0.0.0.0/0"
                ],
                "description": "Allow all outbound",
                "from_port": 0,
                "ipv6_cidr_blocks": [],
                "prefix_list_ids": [],
                "protocol": "tcp",
                "security_groups": [],
                "self": false,
                "to_port": 65535
              }
            ],
            "id": "sg-053f6aa16b8a3fdf4",
            "ingress": [
              {
                "cidr_blocks": [
                  "0.0.0.0/0"
                ],
                "description": "SSH",
                "from_port": 22,
                "ipv6_cidr_blocks": [],
                "prefix_list_ids": [],
                "protocol": "tcp",
                "security_groups": [],
                "self": false,
                "to_port": 22
              },
              {
                "cidr_blocks": [
                  "10.5.0.0/16"
                ],
                "description": "Kibana HTTP",
                "from_port": 5601,
                "ipv6_cidr_blocks": [],
                "prefix_list_ids": [],
                "protocol": "tcp",
                "security_groups": [],
                "self": false,
                "to_port": 5601
              }
            ],
            "name": "terraform-20200526054334509200000001",
            "name_prefix": null,
            "owner_id": "133072409765",
            "revoke_rules_on_delete": false,
            "tags": {
              "Name": "elk-test-private",
              "environment": "test",
              "exposition": "public"
            },
            "timeouts": null,
            "vpc_id": "vpc-0608d52fd403f89a4"
          },
          "private": "eyJlMmJmYjczMC1lY2FhLTExZTYtOGY4OC0zNDM2M2JjN2M0YzAiOnsiY3JlYXRlIjo2MDAwMDAwMDAwMDAsImRlbGV0ZSI6NjAwMDAwMDAwMDAwfSwic2NoZW1hX3ZlcnNpb24iOiIxIn0=",
          "depends_on": [
            "aws_vpc.main"
          ]
        }
      ]
    },
    {
      "mode": "managed",
      "type": "aws_subnet",
      "name": "private",
      "each": "list",
      "provider": "provider.aws",
      "instances": [
        {
          "index_key": 0,
          "schema_version": 1,
          "attributes": {
            "arn": "arn:aws:ec2:eu-west-1:133072409765:subnet/subnet-0aa7076001c8ded9c",
            "assign_ipv6_address_on_creation": false,
            "availability_zone": "eu-west-1a",
            "availability_zone_id": "euw1-az1",
            "cidr_block": "10.5.3.0/24",
            "id": "subnet-0aa7076001c8ded9c",
            "ipv6_cidr_block": "",
            "ipv6_cidr_block_association_id": "",
            "map_public_ip_on_launch": false,
            "outpost_arn": "",
            "owner_id": "133072409765",
            "tags": {
              "Name": "elk-test-private-01",
              "az": "eu-west-1a",
              "environment": "elk-test"
            },
            "timeouts": null,
            "vpc_id": "vpc-0608d52fd403f89a4"
          },
          "private": "eyJlMmJmYjczMC1lY2FhLTExZTYtOGY4OC0zNDM2M2JjN2M0YzAiOnsiY3JlYXRlIjo2MDAwMDAwMDAwMDAsImRlbGV0ZSI6MTIwMDAwMDAwMDAwMH0sInNjaGVtYV92ZXJzaW9uIjoiMSJ9",
          "depends_on": [
            "aws_vpc.main",
            "data.aws_availability_zones.available"
          ]
        },
        {
          "index_key": 1,
          "schema_version": 1,
          "attributes": {
            "arn": "arn:aws:ec2:eu-west-1:133072409765:subnet/subnet-096389345b2a4d7f3",
            "assign_ipv6_address_on_creation": false,
            "availability_zone": "eu-west-1b",
            "availability_zone_id": "euw1-az2",
            "cidr_block": "10.5.4.0/24",
            "id": "subnet-096389345b2a4d7f3",
            "ipv6_cidr_block": "",
            "ipv6_cidr_block_association_id": "",
            "map_public_ip_on_launch": false,
            "outpost_arn": "",
            "owner_id": "133072409765",
            "tags": {
              "Name": "elk-test-private-02",
              "az": "eu-west-1a",
              "environment": "elk-test"
            },
            "timeouts": null,
            "vpc_id": "vpc-0608d52fd403f89a4"
          },
          "private": "eyJlMmJmYjczMC1lY2FhLTExZTYtOGY4OC0zNDM2M2JjN2M0YzAiOnsiY3JlYXRlIjo2MDAwMDAwMDAwMDAsImRlbGV0ZSI6MTIwMDAwMDAwMDAwMH0sInNjaGVtYV92ZXJzaW9uIjoiMSJ9",
          "depends_on": [
            "aws_vpc.main",
            "data.aws_availability_zones.available"
          ]
        },
        {
          "index_key": 2,
          "schema_version": 1,
          "attributes": {
            "arn": "arn:aws:ec2:eu-west-1:133072409765:subnet/subnet-0aa42e95f617cf788",
            "assign_ipv6_address_on_creation": false,
            "availability_zone": "eu-west-1c",
            "availability_zone_id": "euw1-az3",
            "cidr_block": "10.5.5.0/24",
            "id": "subnet-0aa42e95f617cf788",
            "ipv6_cidr_block": "",
            "ipv6_cidr_block_association_id": "",
            "map_public_ip_on_launch": false,
            "outpost_arn": "",
            "owner_id": "133072409765",
            "tags": {
              "Name": "elk-test-private-03",
              "az": "eu-west-1a",
              "environment": "elk-test"
            },
            "timeouts": null,
            "vpc_id": "vpc-0608d52fd403f89a4"
          },
          "private": "eyJlMmJmYjczMC1lY2FhLTExZTYtOGY4OC0zNDM2M2JjN2M0YzAiOnsiY3JlYXRlIjo2MDAwMDAwMDAwMDAsImRlbGV0ZSI6MTIwMDAwMDAwMDAwMH0sInNjaGVtYV92ZXJzaW9uIjoiMSJ9",
          "depends_on": [
            "aws_vpc.main",
            "data.aws_availability_zones.available"
          ]
        }
      ]
    },
    {
      "mode": "managed",
      "type": "aws_subnet",
      "name": "public",
      "each": "list",
      "provider": "provider.aws",
      "instances": [
        {
          "index_key": 0,
          "schema_version": 1,
          "attributes": {
            "arn": "arn:aws:ec2:eu-west-1:133072409765:subnet/subnet-0751f6ed709a1e674",
            "assign_ipv6_address_on_creation": false,
            "availability_zone": "eu-west-1a",
            "availability_zone_id": "euw1-az1",
            "cidr_block": "10.5.0.0/24",
            "id": "subnet-0751f6ed709a1e674",
            "ipv6_cidr_block": "",
            "ipv6_cidr_block_association_id": "",
            "map_public_ip_on_launch": true,
            "outpost_arn": "",
            "owner_id": "133072409765",
            "tags": {
              "Name": "elk-test-public-01",
              "az": "eu-west-1a",
              "environment": "elk-test"
            },
            "timeouts": null,
            "vpc_id": "vpc-0608d52fd403f89a4"
          },
          "private": "eyJlMmJmYjczMC1lY2FhLTExZTYtOGY4OC0zNDM2M2JjN2M0YzAiOnsiY3JlYXRlIjo2MDAwMDAwMDAwMDAsImRlbGV0ZSI6MTIwMDAwMDAwMDAwMH0sInNjaGVtYV92ZXJzaW9uIjoiMSJ9",
          "depends_on": [
            "aws_vpc.main",
            "data.aws_availability_zones.available"
          ]
        },
        {
          "index_key": 1,
          "schema_version": 1,
          "attributes": {
            "arn": "arn:aws:ec2:eu-west-1:133072409765:subnet/subnet-0e2bf630d8222c28e",
            "assign_ipv6_address_on_creation": false,
            "availability_zone": "eu-west-1b",
            "availability_zone_id": "euw1-az2",
            "cidr_block": "10.5.1.0/24",
            "id": "subnet-0e2bf630d8222c28e",
            "ipv6_cidr_block": "",
            "ipv6_cidr_block_association_id": "",
            "map_public_ip_on_launch": true,
            "outpost_arn": "",
            "owner_id": "133072409765",
            "tags": {
              "Name": "elk-test-public-02",
              "az": "eu-west-1b",
              "environment": "elk-test"
            },
            "timeouts": null,
            "vpc_id": "vpc-0608d52fd403f89a4"
          },
          "private": "eyJlMmJmYjczMC1lY2FhLTExZTYtOGY4OC0zNDM2M2JjN2M0YzAiOnsiY3JlYXRlIjo2MDAwMDAwMDAwMDAsImRlbGV0ZSI6MTIwMDAwMDAwMDAwMH0sInNjaGVtYV92ZXJzaW9uIjoiMSJ9",
          "depends_on": [
            "aws_vpc.main",
            "data.aws_availability_zones.available"
          ]
        },
        {
          "index_key": 2,
          "schema_version": 1,
          "attributes": {
            "arn": "arn:aws:ec2:eu-west-1:133072409765:subnet/subnet-04b35ee49876c2816",
            "assign_ipv6_address_on_creation": false,
            "availability_zone": "eu-west-1c",
            "availability_zone_id": "euw1-az3",
            "cidr_block": "10.5.2.0/24",
            "id": "subnet-04b35ee49876c2816",
            "ipv6_cidr_block": "",
            "ipv6_cidr_block_association_id": "",
            "map_public_ip_on_launch": true,
            "outpost_arn": "",
            "owner_id": "133072409765",
            "tags": {
              "Name": "elk-test-public-03",
              "az": "eu-west-1c",
              "environment": "elk-test"
            },
            "timeouts": null,
            "vpc_id": "vpc-0608d52fd403f89a4"
          },
          "private": "eyJlMmJmYjczMC1lY2FhLTExZTYtOGY4OC0zNDM2M2JjN2M0YzAiOnsiY3JlYXRlIjo2MDAwMDAwMDAwMDAsImRlbGV0ZSI6MTIwMDAwMDAwMDAwMH0sInNjaGVtYV92ZXJzaW9uIjoiMSJ9",
          "depends_on": [
            "aws_vpc.main",
            "data.aws_availability_zones.available"
          ]
        }
      ]
    },
    {
      "mode": "managed",
      "type": "aws_vpc",
      "name": "main",
      "provider": "provider.aws",
      "instances": [
        {
          "schema_version": 1,
          "attributes": {
            "arn": "arn:aws:ec2:eu-west-1:133072409765:vpc/vpc-0608d52fd403f89a4",
            "assign_generated_ipv6_cidr_block": false,
            "cidr_block": "10.5.0.0/16",
            "default_network_acl_id": "acl-0572212068663abf4",
            "default_route_table_id": "rtb-068f846f4b6956da0",
            "default_security_group_id": "sg-07cea51c7425ab888",
            "dhcp_options_id": "dopt-6a2e0a0c",
            "enable_classiclink": false,
            "enable_classiclink_dns_support": false,
            "enable_dns_hostnames": true,
            "enable_dns_support": true,
            "id": "vpc-0608d52fd403f89a4",
            "instance_tenancy": "default",
            "ipv6_association_id": "",
            "ipv6_cidr_block": "",
            "main_route_table_id": "rtb-068f846f4b6956da0",
            "owner_id": "133072409765",
            "tags": {
              "environment": "elk-test"
            }
          },
          "private": "eyJzY2hlbWFfdmVyc2lvbiI6IjEifQ=="
        }
      ]
    },
    {
      "mode": "managed",
      "type": "tls_private_key",
      "name": "main",
      "provider": "provider.tls",
      "instances": [
        {
          "schema_version": 0,
          "attributes": {
            "algorithm": "RSA",
            "ecdsa_curve": "P224",
            "id": "a40dcda699be1cc33386d6f24c0df5952829f1f1",
            "private_key_pem": "-----BEGIN RSA PRIVATE KEY-----\nMIIEpAIBAAKCAQEAni2t2IhxUmZR1FdM7PiM9GtdywFpb1jIJGpuIzCRYJ0CYUah\nzppDfxdpbVtwZ2DYiWrZYnr79Up4ABSUKJ6AlBHYwjWGCEqLSCTiWZrs04DD8Uph\ny10AjX4+gI6VK4HUojHSOWKpdjkYY6i0iBiCXSmjwPvX/deaJMIDgny2NifmnZ6U\nnJAkFDZJ7TkE1Ajeufji17R+WlaO8fF5hBvCE4gSWK1HmY1EIntp9XNwRzfeAOji\nGmCbm9okGyhnJ8Nc/uhidyyT6wv0cAdbHh0XTZQEznV8vRmoxhiJLsu+4SwNmlyd\nrgcM2xeOHrOYQ4C/OU1OP3M0mUsh2HzggJYtmwIDAQABAoIBAFItaSQVvsoQXnLy\n6AQ1HQXewdu14BD5DwHcSVv+34hSCep/x5COlIJyp1MpLjyHE/hQip+fRUcqaS2h\ng1eXATXsD7DWHcww7iuM/guPcXpwa1vwSN5ecusPq2keqmDwEogxWgZ2O5QwFXux\nKhmKoi/Eck7QiGZYnLx8D1a7c+6t+wcwbM1d5uY1y+BDgMZhiG33KeSdqzbA6jel\njnfDg85EUntyYaV1Pkerc12B9tFLnu1EVSvajmXozxKs/iXxYeq2MYJgNGE3V5ud\n9YAAhv41Yx5yITliueOPspvv2AbYQJtAQlbkB7KHORXufoK0v95JRoDzFLxdyHqH\n55AUiAECgYEAxvc0AGf6gKiJVPMk6ZFr2JOsmTH9bqw6mdCGLdP3/DOKDUQeGdgP\nXc7OMpRxTZAi1W/U03Fmg3cTtVXT+3ofUe/E4V9kQmUnVY+XW4Dbd4M2wbfQnkxW\nalIjWggW0GvyfcNiCm9XNh8tWWLfZIQBVKPqaaR15cA/7fAlvmEl6d0CgYEAy4Ve\nKG66x3rbvP3QAinQZsE/mNZCfbjYV1oVHUWonkhaKiJ6RKygwkKFUFWKKcnUq799\nbCHhmJ8RGhzwNDKTn4olN4ZTdKPhTl+NtFJDfxQD/So2rQfUqbbF3A5jN6u4D+8I\nTr1vm9uP5KKCPnIerNivm93syLd1/k+tAyU+CdcCgYAYpUplunuHMFlCkpPB8ud+\n/lvk5hJUgTUJFJFqX9VaAjBZkFSCMwdEQXe9QDIAv5fxBFdCkct3AWsJjUYi4m+6\nwI6MtDpBFzKWIKFJDl8hILnJqTFISoBxzxbd8h6RVq3E8kzUqhINfDMr3Vl6o/de\nOqewylRoTzYcDSE/wdzmaQKBgQC80RUUKfb7jw5Cfq/28dg5HNzl7RJvFYkRMbAZ\nIkFX6AROxwHsqMPUtmZ8q3+tWWUHmnbAVYa5VApH0cVAiBPRlhcFNohC1K/5SElt\nnEymn2k7/WgQjA1PDxTuHiMKyTPRBJEOjE35qXAMTIDNco7nCXmTAAfoB91efYkk\nO+8crQKBgQCjAKd96UVvCDybRDPnB37FNP1pO+3VdiVq1UZKdEcEtyH3mhMGDZ3D\nGdSr9VnL5i1JPPSf5ei5rT9FPJIX3A7QOFGtL/gW70//kBdYtsYxl7WLl8Nfag71\nVKm+WsSEiceIKZrcj4swt1zllmj2LzfTrDcLxpx9Jgy583LPttHC3A==\n-----END RSA PRIVATE KEY-----\n",
            "public_key_fingerprint_md5": "6a:52:52:19:8a:7f:df:89:83:61:99:a2:e2:77:44:53",
            "public_key_openssh": "ssh-rsa AAAAB3NzaC1yc2EAAAADAQABAAABAQCeLa3YiHFSZlHUV0zs+Iz0a13LAWlvWMgkam4jMJFgnQJhRqHOmkN/F2ltW3BnYNiJatlievv1SngAFJQonoCUEdjCNYYISotIJOJZmuzTgMPxSmHLXQCNfj6AjpUrgdSiMdI5Yql2ORhjqLSIGIJdKaPA+9f915okwgOCfLY2J+adnpSckCQUNkntOQTUCN65+OLXtH5aVo7x8XmEG8ITiBJYrUeZjUQie2n1c3BHN94A6OIaYJub2iQbKGcnw1z+6GJ3LJPrC/RwB1seHRdNlATOdXy9GajGGIkuy77hLA2aXJ2uBwzbF44es5hDgL85TU4/czSZSyHYfOCAli2b\n",
            "public_key_pem": "-----BEGIN PUBLIC KEY-----\nMIIBIjANBgkqhkiG9w0BAQEFAAOCAQ8AMIIBCgKCAQEAni2t2IhxUmZR1FdM7PiM\n9GtdywFpb1jIJGpuIzCRYJ0CYUahzppDfxdpbVtwZ2DYiWrZYnr79Up4ABSUKJ6A\nlBHYwjWGCEqLSCTiWZrs04DD8Uphy10AjX4+gI6VK4HUojHSOWKpdjkYY6i0iBiC\nXSmjwPvX/deaJMIDgny2NifmnZ6UnJAkFDZJ7TkE1Ajeufji17R+WlaO8fF5hBvC\nE4gSWK1HmY1EIntp9XNwRzfeAOjiGmCbm9okGyhnJ8Nc/uhidyyT6wv0cAdbHh0X\nTZQEznV8vRmoxhiJLsu+4SwNmlydrgcM2xeOHrOYQ4C/OU1OP3M0mUsh2HzggJYt\nmwIDAQAB\n-----END PUBLIC KEY-----\n",
            "rsa_bits": 2048
          },
          "private": "bnVsbA=="
        }
      ]
    }
  ]
}
