{
  "version": 4,
  "terraform_version": "0.12.12",
  "serial": 215,
  "lineage": "a5509251-856e-ef96-2d6d-c71195003b65",
  "outputs": {
    "instances_bastion_public_ip": {
      "value": "52.209.183.156",
      "type": "string"
    },
    "instances_private_ips": {
      "value": [
        "10.5.3.41",
        "10.5.4.22",
        "10.5.5.246"
      ],
      "type": [
        "tuple",
        [
          "string",
          "string",
          "string"
        ]
      ]
    },
    "instances_public_ips": {
      "value": [
        "10.5.0.11",
        "10.5.1.191"
      ],
      "type": [
        "tuple",
        [
          "string",
          "string"
        ]
      ]
    },
    "nat_gateway_public_ip": {
      "value": "52.18.141.238",
      "type": "string"
    },
    "ssh_private_key": {
      "value": "-----BEGIN RSA PRIVATE KEY-----\nMIIEpQIBAAKCAQEAzwTNli8b4JWljAa4ItN8auVencwZon/d0bHXUoV6cbjNu+ds\n75P6NEtreEUpjLgbBYxodzautwEeXvol7migToot23WjyBw/6RIy8B6nLUzQ3a8m\nkdZ+U/5scynnq7tBvvtYU2evppN5KH4rbfFuqlCd19YEGCc97AEWsvd4D8MhEh7C\najphCjjMGglNiVJVCezmXNwmQ5uDamOpqv+TlBEmckDcuOtYf23c6zfPTjnAaqtG\ntNErcgUxZLc3KYIhtd3yNom+CNXl8CygyxG+7aAotAYk5xCxmigVcwAcGtBl/grp\n2MqdipNXivQIeoVptODv98AsSI+mP4mu2eNrrwIDAQABAoIBAQCS2YxggbBbwqu5\nRbbu9Whnh6dzdimlDOEz89yTLB4sd3RxW3v6AtVUrT9iBGWx7ZM1f2FHV6HeLUv3\nAalQkiVNMVXQPIXe2LM5SPCbRpM+XiQ3bRyGDUp1mKAjnVE6j83WhQMlvwJpvmkO\noVl7Vu0yoZcmWSl0XLnfJPKOJ1+ihXiSqsZuuilVrh+1/5hufrem3urcEzHIbGKU\nBStiShar+I6wPyLzwYZwBrVsQqMEL9I5frjynFGskuG5crSAenakBeQOdnutCnyo\nBVo5FGXs7+b38DN5yALU8pokWeKRla4F9m2w0metynCKi31sIO3TzOEQSo9q6NHD\n7rvj1yRxAoGBANyIZX2Lf8AqdF5EYlpEga4NBkLohDA8JCUylALHTv8+kndRL1Vt\n+6ElUP5W7/kKvaBiQJtqlGJyANCb96+qxZSgG88HCiFRNDdqmMXFqP4QGgA6+eKK\nkCmg7WgX20ibmra/vCQqK398VSxuR54AsIMJhyRCel8m5hWbU1GLzyrpAoGBAPBQ\nBG3b5pwjo92rRs0hCY644+twFMTzQufpCLLp2WDtxREcT8kxFd2MfhkxRpR1s39+\ns0+O0lhRRq6uCdTHwVovH+vXaor4zscP8DZUm7vzlxuxVhLwGx3koykQV0ow18D3\nQg8mnfghS5jtIO/7X9RM8LwL0VTE+P7BHqMdkhLXAoGBALqexdvGx9WzV4RKNDyV\nCnRiWzEVmH9E9YVw1qW/Sc9fgQxtbDPL/Ysxi+efZDWIbE2jt26Nc4IXXS8rPR+v\n0MFj+ARqvZzSHfDjSOLb0JUmxQn63mlhvnsrzpsuzQcVfog1mp2z/dlFOsJ9lCdW\nCAjrcCw0AWAyB7SzG3+/YxG5AoGAf0dyQRmCN9qslOB9fHHuFPiaRv2zEmlhW2FS\nqSgwaSUmBhz/qSjlUtVxiDhQEJuSeYmKwS18/Sf3DtfA/0DZiMGC36/Vj0uegVJQ\nwQXpAhBPTWyMkTU4t4l8XWh5QyNBcsPC6jFi46QG3TVjB5gVNmWV75M2yPYWhx+T\n8YLc9jsCgYEAl8w2oX2cYeQkYNPvWNNL2A3a6hLeXWSBsmCAPwwcz7GM2b8046iZ\n2QRklsk47hQrNG5idy+g1uThrjES9N9EPDvFi7yrgG0j463X2DyoPLVsZbX6gRBC\nE/NA2LZJZZwohDdIogi/P9BHBLGurM71qiHSTsHLchtUQnnX47hJOEQ=\n-----END RSA PRIVATE KEY-----\n",
      "type": "string"
    },
    "ssh_public_key": {
      "value": "ssh-rsa AAAAB3NzaC1yc2EAAAADAQABAAABAQDPBM2WLxvglaWMBrgi03xq5V6dzBmif93RsddShXpxuM2752zvk/o0S2t4RSmMuBsFjGh3Nq63AR5e+iXuaKBOii3bdaPIHD/pEjLwHqctTNDdryaR1n5T/mxzKeeru0G++1hTZ6+mk3kofitt8W6qUJ3X1gQYJz3sARay93gPwyESHsJqOmEKOMwaCU2JUlUJ7OZc3CZDm4NqY6mq/5OUESZyQNy461h/bdzrN89OOcBqq0a00StyBTFktzcpgiG13fI2ib4I1eXwLKDLEb7toCi0BiTnELGaKBVzABwa0GX+CunYyp2Kk1eK9Ah6hWm04O/3wCxIj6Y/ia7Z42uv\n",
      "type": "string"
    }
  },
  "resources": [
    {
      "mode": "data",
      "type": "aws_ami",
      "name": "default",
      "provider": "provider.aws",
      "instances": [
        {
          "schema_version": 0,
          "attributes": {
            "architecture": "x86_64",
            "block_device_mappings": [
              {
                "device_name": "/dev/xvda",
                "ebs": {
                  "delete_on_termination": "true",
                  "encrypted": "false",
                  "iops": "0",
                  "snapshot_id": "snap-01f2b7e1abc1981b3",
                  "volume_size": "8",
                  "volume_type": "gp2"
                },
                "no_device": "",
                "virtual_name": ""
              }
            ],
            "creation_date": "2020-04-07T17:30:35.000Z",
            "description": "Amazon Linux 2 AMI 2.0.20200406.0 x86_64 HVM gp2",
            "executable_users": null,
            "filter": [
              {
                "name": "name",
                "values": [
                  "amzn2-ami-hvm-2.0.????????.?-x86_64-gp2"
                ]
              }
            ],
            "hypervisor": "xen",
            "id": "ami-06ce3edf0cff21f07",
            "image_id": "ami-06ce3edf0cff21f07",
            "image_location": "amazon/amzn2-ami-hvm-2.0.20200406.0-x86_64-gp2",
            "image_owner_alias": "amazon",
            "image_type": "machine",
            "kernel_id": null,
            "most_recent": true,
            "name": "amzn2-ami-hvm-2.0.20200406.0-x86_64-gp2",
            "name_regex": null,
            "owner_id": "137112412989",
            "owners": [
              "137112412989"
            ],
            "platform": null,
            "product_codes": [],
            "public": true,
            "ramdisk_id": null,
            "root_device_name": "/dev/xvda",
            "root_device_type": "ebs",
            "root_snapshot_id": "snap-01f2b7e1abc1981b3",
            "sriov_net_support": "simple",
            "state": "available",
            "state_reason": {
              "code": "UNSET",
              "message": "UNSET"
            },
            "tags": {},
            "virtualization_type": "hvm"
          }
        }
      ]
    },
    {
      "mode": "data",
      "type": "aws_availability_zones",
      "name": "available",
      "provider": "provider.aws",
      "instances": [
        {
          "schema_version": 0,
          "attributes": {
            "all_availability_zones": null,
            "blacklisted_names": null,
            "blacklisted_zone_ids": null,
            "filter": null,
            "group_names": [
              "eu-west-1"
            ],
            "id": "2020-05-25 12:37:37.157363628 +0000 UTC",
            "names": [
              "eu-west-1a",
              "eu-west-1b",
              "eu-west-1c"
            ],
            "state": "available",
            "zone_ids": [
              "euw1-az1",
              "euw1-az2",
              "euw1-az3"
            ]
          }
        }
      ]
    },
    {
      "mode": "managed",
      "type": "aws_eip",
      "name": "nat",
      "provider": "provider.aws",
      "instances": [
        {
          "schema_version": 0,
          "attributes": {
            "allocation_id": null,
            "associate_with_private_ip": null,
            "association_id": "eipassoc-0c2e5adcd17eef89c",
            "customer_owned_ip": "",
            "customer_owned_ipv4_pool": "",
            "domain": "vpc",
            "id": "eipalloc-0e655530ed00cc612",
            "instance": "",
            "network_interface": "eni-0f30fc273e4219cfb",
            "private_dns": "ip-10-5-0-87.eu-west-1.compute.internal",
            "private_ip": "10.5.0.87",
            "public_dns": "ec2-52-18-141-238.eu-west-1.compute.amazonaws.com",
            "public_ip": "52.18.141.238",
            "public_ipv4_pool": "amazon",
            "tags": {},
            "timeouts": null,
            "vpc": true
          },
          "private": "eyJlMmJmYjczMC1lY2FhLTExZTYtOGY4OC0zNDM2M2JjN2M0YzAiOnsiZGVsZXRlIjoxODAwMDAwMDAwMDAsInJlYWQiOjkwMDAwMDAwMDAwMCwidXBkYXRlIjozMDAwMDAwMDAwMDB9fQ=="
        }
      ]
    },
    {
      "mode": "managed",
      "type": "aws_instance",
      "name": "bastion",
      "provider": "provider.aws",
      "instances": [
        {
          "schema_version": 1,
          "attributes": {
            "ami": "ami-06ce3edf0cff21f07",
            "arn": "arn:aws:ec2:eu-west-1:133072409765:instance/i-08ee002cf327e3ab7",
            "associate_public_ip_address": true,
            "availability_zone": "eu-west-1a",
            "cpu_core_count": 1,
            "cpu_threads_per_core": 1,
            "credit_specification": [
              {
                "cpu_credits": "standard"
              }
            ],
            "disable_api_termination": false,
            "ebs_block_device": [],
            "ebs_optimized": false,
            "ephemeral_block_device": [],
            "get_password_data": false,
            "hibernation": false,
            "host_id": null,
            "iam_instance_profile": "",
            "id": "i-08ee002cf327e3ab7",
            "instance_initiated_shutdown_behavior": null,
            "instance_state": "running",
            "instance_type": "t2.micro",
            "ipv6_address_count": 0,
            "ipv6_addresses": [],
            "key_name": "elk-test",
            "metadata_options": [
              {
                "http_endpoint": "enabled",
                "http_put_response_hop_limit": 1,
                "http_tokens": "optional"
              }
            ],
            "monitoring": false,
            "network_interface": [],
            "network_interface_id": null,
            "outpost_arn": "",
            "password_data": "",
            "placement_group": "",
            "primary_network_interface_id": "eni-089266d03e418105c",
            "private_dns": "ip-10-5-0-115.eu-west-1.compute.internal",
            "private_ip": "10.5.0.115",
            "public_dns": "ec2-52-209-183-156.eu-west-1.compute.amazonaws.com",
            "public_ip": "52.209.183.156",
            "root_block_device": [
              {
                "delete_on_termination": true,
                "device_name": "/dev/xvda",
                "encrypted": false,
                "iops": 100,
                "kms_key_id": "",
                "volume_id": "vol-04da8217fcf13a5ce",
                "volume_size": 8,
                "volume_type": "gp2"
              }
            ],
            "security_groups": [],
            "source_dest_check": true,
            "subnet_id": "subnet-0fdbc002a2769bc68",
            "tags": {
              "Name": "elk-test-bastion",
              "environment": "elk-test"
            },
            "tenancy": "default",
            "timeouts": null,
            "user_data": null,
            "user_data_base64": null,
            "volume_tags": {},
            "vpc_security_group_ids": [
              "sg-0c6625f43b7293dac"
            ]
          },
          "private": "eyJlMmJmYjczMC1lY2FhLTExZTYtOGY4OC0zNDM2M2JjN2M0YzAiOnsiY3JlYXRlIjo2MDAwMDAwMDAwMDAsImRlbGV0ZSI6MTIwMDAwMDAwMDAwMCwidXBkYXRlIjo2MDAwMDAwMDAwMDB9LCJzY2hlbWFfdmVyc2lvbiI6IjEifQ==",
          "depends_on": [
            "aws_key_pair.main",
            "aws_security_group.public",
            "aws_subnet.public[0]",
            "data.aws_ami.default",
            "data.aws_availability_zones.available"
          ]
        }
      ]
    },
    {
      "mode": "managed",
      "type": "aws_instance",
      "name": "private",
      "each": "list",
      "provider": "provider.aws",
      "instances": [
        {
          "index_key": 0,
          "schema_version": 1,
          "attributes": {
            "ami": "ami-06ce3edf0cff21f07",
            "arn": "arn:aws:ec2:eu-west-1:133072409765:instance/i-09cdecd7f2d102783",
            "associate_public_ip_address": false,
            "availability_zone": "eu-west-1a",
            "cpu_core_count": 1,
            "cpu_threads_per_core": 2,
            "credit_specification": [
              {
                "cpu_credits": "standard"
              }
            ],
            "disable_api_termination": false,
            "ebs_block_device": [],
            "ebs_optimized": false,
            "ephemeral_block_device": [],
            "get_password_data": false,
            "hibernation": false,
            "host_id": null,
            "iam_instance_profile": "",
            "id": "i-09cdecd7f2d102783",
            "instance_initiated_shutdown_behavior": null,
            "instance_state": "running",
            "instance_type": "t3.large",
            "ipv6_address_count": 0,
            "ipv6_addresses": [],
            "key_name": "elk-test",
            "metadata_options": [
              {
                "http_endpoint": "enabled",
                "http_put_response_hop_limit": 1,
                "http_tokens": "optional"
              }
            ],
            "monitoring": false,
            "network_interface": [],
            "network_interface_id": null,
            "outpost_arn": "",
            "password_data": "",
            "placement_group": "",
            "primary_network_interface_id": "eni-071a49c5261690235",
            "private_dns": "ip-10-5-3-41.eu-west-1.compute.internal",
            "private_ip": "10.5.3.41",
            "public_dns": "",
            "public_ip": "",
            "root_block_device": [
              {
                "delete_on_termination": true,
                "device_name": "/dev/xvda",
                "encrypted": false,
                "iops": 100,
                "kms_key_id": "",
                "volume_id": "vol-0db0798a15565eec1",
                "volume_size": 8,
                "volume_type": "gp2"
              }
            ],
            "security_groups": [],
            "source_dest_check": true,
            "subnet_id": "subnet-02ef46e25d6336223",
            "tags": {
              "Name": "elk-test-elasticsearch-01",
              "application": "elasticsearch",
              "environment": "elk-test",
              "exposition": "private",
              "stack": "elk"
            },
            "tenancy": "default",
            "timeouts": null,
            "user_data": "4eedad973c357712fdb87b9c7c1f478845e21ab0",
            "user_data_base64": null,
            "volume_tags": {},
            "vpc_security_group_ids": [
              "sg-00edc3409df618f34"
            ]
          },
          "private": "eyJlMmJmYjczMC1lY2FhLTExZTYtOGY4OC0zNDM2M2JjN2M0YzAiOnsiY3JlYXRlIjo2MDAwMDAwMDAwMDAsImRlbGV0ZSI6MTIwMDAwMDAwMDAwMCwidXBkYXRlIjo2MDAwMDAwMDAwMDB9LCJzY2hlbWFfdmVyc2lvbiI6IjEifQ==",
          "depends_on": [
            "aws_key_pair.main",
            "aws_security_group.private",
            "aws_subnet.private",
            "data.aws_ami.default",
            "data.aws_availability_zones.available"
          ]
        },
        {
          "index_key": 1,
          "schema_version": 1,
          "attributes": {
            "ami": "ami-06ce3edf0cff21f07",
            "arn": "arn:aws:ec2:eu-west-1:133072409765:instance/i-0659bd1f2fe0d854d",
            "associate_public_ip_address": false,
            "availability_zone": "eu-west-1b",
            "cpu_core_count": 1,
            "cpu_threads_per_core": 2,
            "credit_specification": [
              {
                "cpu_credits": "standard"
              }
            ],
            "disable_api_termination": false,
            "ebs_block_device": [],
            "ebs_optimized": false,
            "ephemeral_block_device": [],
            "get_password_data": false,
            "hibernation": false,
            "host_id": null,
            "iam_instance_profile": "",
            "id": "i-0659bd1f2fe0d854d",
            "instance_initiated_shutdown_behavior": null,
            "instance_state": "running",
            "instance_type": "t3.large",
            "ipv6_address_count": 0,
            "ipv6_addresses": [],
            "key_name": "elk-test",
            "metadata_options": [
              {
                "http_endpoint": "enabled",
                "http_put_response_hop_limit": 1,
                "http_tokens": "optional"
              }
            ],
            "monitoring": false,
            "network_interface": [],
            "network_interface_id": null,
            "outpost_arn": "",
            "password_data": "",
            "placement_group": "",
            "primary_network_interface_id": "eni-003941f50679cf3eb",
            "private_dns": "ip-10-5-4-22.eu-west-1.compute.internal",
            "private_ip": "10.5.4.22",
            "public_dns": "",
            "public_ip": "",
            "root_block_device": [
              {
                "delete_on_termination": true,
                "device_name": "/dev/xvda",
                "encrypted": false,
                "iops": 100,
                "kms_key_id": "",
                "volume_id": "vol-0f8a9f88c22a8c2f2",
                "volume_size": 8,
                "volume_type": "gp2"
              }
            ],
            "security_groups": [],
            "source_dest_check": true,
            "subnet_id": "subnet-08832897129397c31",
            "tags": {
              "Name": "elk-test-elasticsearch-02",
              "application": "elasticsearch",
              "environment": "elk-test",
              "exposition": "private",
              "stack": "elk"
            },
            "tenancy": "default",
            "timeouts": null,
            "user_data": "4eedad973c357712fdb87b9c7c1f478845e21ab0",
            "user_data_base64": null,
            "volume_tags": {},
            "vpc_security_group_ids": [
              "sg-00edc3409df618f34"
            ]
          },
          "private": "eyJlMmJmYjczMC1lY2FhLTExZTYtOGY4OC0zNDM2M2JjN2M0YzAiOnsiY3JlYXRlIjo2MDAwMDAwMDAwMDAsImRlbGV0ZSI6MTIwMDAwMDAwMDAwMCwidXBkYXRlIjo2MDAwMDAwMDAwMDB9LCJzY2hlbWFfdmVyc2lvbiI6IjEifQ==",
          "depends_on": [
            "aws_key_pair.main",
            "aws_security_group.private",
            "aws_subnet.private",
            "data.aws_ami.default",
            "data.aws_availability_zones.available"
          ]
        },
        {
          "index_key": 2,
          "schema_version": 1,
          "attributes": {
            "ami": "ami-06ce3edf0cff21f07",
            "arn": "arn:aws:ec2:eu-west-1:133072409765:instance/i-00e327c0dad1fa2c5",
            "associate_public_ip_address": false,
            "availability_zone": "eu-west-1c",
            "cpu_core_count": 1,
            "cpu_threads_per_core": 2,
            "credit_specification": [
              {
                "cpu_credits": "standard"
              }
            ],
            "disable_api_termination": false,
            "ebs_block_device": [],
            "ebs_optimized": false,
            "ephemeral_block_device": [],
            "get_password_data": false,
            "hibernation": false,
            "host_id": null,
            "iam_instance_profile": "",
            "id": "i-00e327c0dad1fa2c5",
            "instance_initiated_shutdown_behavior": null,
            "instance_state": "running",
            "instance_type": "t3.large",
            "ipv6_address_count": 0,
            "ipv6_addresses": [],
            "key_name": "elk-test",
            "metadata_options": [
              {
                "http_endpoint": "enabled",
                "http_put_response_hop_limit": 1,
                "http_tokens": "optional"
              }
            ],
            "monitoring": false,
            "network_interface": [],
            "network_interface_id": null,
            "outpost_arn": "",
            "password_data": "",
            "placement_group": "",
            "primary_network_interface_id": "eni-09cf6266f9cdd939e",
            "private_dns": "ip-10-5-5-246.eu-west-1.compute.internal",
            "private_ip": "10.5.5.246",
            "public_dns": "",
            "public_ip": "",
            "root_block_device": [
              {
                "delete_on_termination": true,
                "device_name": "/dev/xvda",
                "encrypted": false,
                "iops": 100,
                "kms_key_id": "",
                "volume_id": "vol-0cfcd9db97df15034",
                "volume_size": 8,
                "volume_type": "gp2"
              }
            ],
            "security_groups": [],
            "source_dest_check": true,
            "subnet_id": "subnet-0dfecd23032ae06ff",
            "tags": {
              "Name": "elk-test-elasticsearch-03",
              "application": "elasticsearch",
              "environment": "elk-test",
              "exposition": "private",
              "stack": "elk"
            },
            "tenancy": "default",
            "timeouts": null,
            "user_data": "4eedad973c357712fdb87b9c7c1f478845e21ab0",
            "user_data_base64": null,
            "volume_tags": {},
            "vpc_security_group_ids": [
              "sg-00edc3409df618f34"
            ]
          },
          "private": "eyJlMmJmYjczMC1lY2FhLTExZTYtOGY4OC0zNDM2M2JjN2M0YzAiOnsiY3JlYXRlIjo2MDAwMDAwMDAwMDAsImRlbGV0ZSI6MTIwMDAwMDAwMDAwMCwidXBkYXRlIjo2MDAwMDAwMDAwMDB9LCJzY2hlbWFfdmVyc2lvbiI6IjEifQ==",
          "depends_on": [
            "aws_key_pair.main",
            "aws_security_group.private",
            "aws_subnet.private",
            "data.aws_ami.default",
            "data.aws_availability_zones.available"
          ]
        }
      ]
    },
    {
      "mode": "managed",
      "type": "aws_instance",
      "name": "public",
      "each": "list",
      "provider": "provider.aws",
      "instances": [
        {
          "index_key": 0,
          "schema_version": 1,
          "attributes": {
            "ami": "ami-06ce3edf0cff21f07",
            "arn": "arn:aws:ec2:eu-west-1:133072409765:instance/i-079721bb50c60ced1",
            "associate_public_ip_address": true,
            "availability_zone": "eu-west-1a",
            "cpu_core_count": 1,
            "cpu_threads_per_core": 1,
            "credit_specification": [
              {
                "cpu_credits": "standard"
              }
            ],
            "disable_api_termination": false,
            "ebs_block_device": [],
            "ebs_optimized": false,
            "ephemeral_block_device": [],
            "get_password_data": false,
            "hibernation": false,
            "host_id": null,
            "iam_instance_profile": "",
            "id": "i-079721bb50c60ced1",
            "instance_initiated_shutdown_behavior": null,
            "instance_state": "running",
            "instance_type": "t2.micro",
            "ipv6_address_count": 0,
            "ipv6_addresses": [],
            "key_name": "elk-test",
            "metadata_options": [
              {
                "http_endpoint": "enabled",
                "http_put_response_hop_limit": 1,
                "http_tokens": "optional"
              }
            ],
            "monitoring": false,
            "network_interface": [],
            "network_interface_id": null,
            "outpost_arn": "",
            "password_data": "",
            "placement_group": "",
            "primary_network_interface_id": "eni-0dab6e7321229fe6b",
            "private_dns": "ip-10-5-0-11.eu-west-1.compute.internal",
            "private_ip": "10.5.0.11",
            "public_dns": "ec2-34-251-185-191.eu-west-1.compute.amazonaws.com",
            "public_ip": "34.251.185.191",
            "root_block_device": [
              {
                "delete_on_termination": true,
                "device_name": "/dev/xvda",
                "encrypted": false,
                "iops": 100,
                "kms_key_id": "",
                "volume_id": "vol-09140f745e4cf42ce",
                "volume_size": 8,
                "volume_type": "gp2"
              }
            ],
            "security_groups": [],
            "source_dest_check": true,
            "subnet_id": "subnet-0fdbc002a2769bc68",
            "tags": {
              "Name": "elk-test-kibana-01",
              "application": "kibana",
              "environment": "elk-test",
              "exposition": "public",
              "stack": "elk"
            },
            "tenancy": "default",
            "timeouts": null,
            "user_data": "4eedad973c357712fdb87b9c7c1f478845e21ab0",
            "user_data_base64": null,
            "volume_tags": {},
            "vpc_security_group_ids": [
              "sg-0c6625f43b7293dac"
            ]
          },
          "private": "eyJlMmJmYjczMC1lY2FhLTExZTYtOGY4OC0zNDM2M2JjN2M0YzAiOnsiY3JlYXRlIjo2MDAwMDAwMDAwMDAsImRlbGV0ZSI6MTIwMDAwMDAwMDAwMCwidXBkYXRlIjo2MDAwMDAwMDAwMDB9LCJzY2hlbWFfdmVyc2lvbiI6IjEifQ==",
          "depends_on": [
            "aws_key_pair.main",
            "aws_security_group.public",
            "aws_subnet.public",
            "data.aws_ami.default",
            "data.aws_availability_zones.available"
          ]
        },
        {
          "index_key": 1,
          "schema_version": 1,
          "attributes": {
            "ami": "ami-06ce3edf0cff21f07",
            "arn": "arn:aws:ec2:eu-west-1:133072409765:instance/i-07cc5e6169e73ca99",
            "associate_public_ip_address": true,
            "availability_zone": "eu-west-1b",
            "cpu_core_count": 1,
            "cpu_threads_per_core": 1,
            "credit_specification": [
              {
                "cpu_credits": "standard"
              }
            ],
            "disable_api_termination": false,
            "ebs_block_device": [],
            "ebs_optimized": false,
            "ephemeral_block_device": [],
            "get_password_data": false,
            "hibernation": false,
            "host_id": null,
            "iam_instance_profile": "",
            "id": "i-07cc5e6169e73ca99",
            "instance_initiated_shutdown_behavior": null,
            "instance_state": "running",
            "instance_type": "t2.micro",
            "ipv6_address_count": 0,
            "ipv6_addresses": [],
            "key_name": "elk-test",
            "metadata_options": [
              {
                "http_endpoint": "enabled",
                "http_put_response_hop_limit": 1,
                "http_tokens": "optional"
              }
            ],
            "monitoring": false,
            "network_interface": [],
            "network_interface_id": null,
            "outpost_arn": "",
            "password_data": "",
            "placement_group": "",
            "primary_network_interface_id": "eni-0f0b5f133aa9da108",
            "private_dns": "ip-10-5-1-191.eu-west-1.compute.internal",
            "private_ip": "10.5.1.191",
            "public_dns": "ec2-52-208-226-217.eu-west-1.compute.amazonaws.com",
            "public_ip": "52.208.226.217",
            "root_block_device": [
              {
                "delete_on_termination": true,
                "device_name": "/dev/xvda",
                "encrypted": false,
                "iops": 100,
                "kms_key_id": "",
                "volume_id": "vol-05b829f271f11c5ea",
                "volume_size": 8,
                "volume_type": "gp2"
              }
            ],
            "security_groups": [],
            "source_dest_check": true,
            "subnet_id": "subnet-0878f005413803b73",
            "tags": {
              "Name": "elk-test-kibana-02",
              "application": "kibana",
              "environment": "elk-test",
              "exposition": "public",
              "stack": "elk"
            },
            "tenancy": "default",
            "timeouts": null,
            "user_data": "4eedad973c357712fdb87b9c7c1f478845e21ab0",
            "user_data_base64": null,
            "volume_tags": {},
            "vpc_security_group_ids": [
              "sg-0c6625f43b7293dac"
            ]
          },
          "private": "eyJlMmJmYjczMC1lY2FhLTExZTYtOGY4OC0zNDM2M2JjN2M0YzAiOnsiY3JlYXRlIjo2MDAwMDAwMDAwMDAsImRlbGV0ZSI6MTIwMDAwMDAwMDAwMCwidXBkYXRlIjo2MDAwMDAwMDAwMDB9LCJzY2hlbWFfdmVyc2lvbiI6IjEifQ==",
          "depends_on": [
            "aws_key_pair.main",
            "aws_security_group.public",
            "aws_subnet.public",
            "data.aws_ami.default",
            "data.aws_availability_zones.available"
          ]
        }
      ]
    },
    {
      "mode": "managed",
      "type": "aws_internet_gateway",
      "name": "main",
      "provider": "provider.aws",
      "instances": [
        {
          "schema_version": 0,
          "attributes": {
            "id": "igw-00b0119d15a4908cd",
            "owner_id": "133072409765",
            "tags": {
              "environment": "elk-test"
            },
            "vpc_id": "vpc-010838efaed692e0f"
          },
          "private": "bnVsbA==",
          "depends_on": [
            "aws_vpc.main"
          ]
        }
      ]
    },
    {
      "mode": "managed",
      "type": "aws_key_pair",
      "name": "main",
      "provider": "provider.aws",
      "instances": [
        {
          "schema_version": 1,
          "attributes": {
            "fingerprint": "d3:4e:85:91:66:a7:9e:99:99:9d:4c:89:5f:8e:01:f3",
            "id": "elk-test",
            "key_name": "elk-test",
            "key_name_prefix": null,
            "key_pair_id": "key-07362979729a50a64",
            "public_key": "ssh-rsa AAAAB3NzaC1yc2EAAAADAQABAAABAQDPBM2WLxvglaWMBrgi03xq5V6dzBmif93RsddShXpxuM2752zvk/o0S2t4RSmMuBsFjGh3Nq63AR5e+iXuaKBOii3bdaPIHD/pEjLwHqctTNDdryaR1n5T/mxzKeeru0G++1hTZ6+mk3kofitt8W6qUJ3X1gQYJz3sARay93gPwyESHsJqOmEKOMwaCU2JUlUJ7OZc3CZDm4NqY6mq/5OUESZyQNy461h/bdzrN89OOcBqq0a00StyBTFktzcpgiG13fI2ib4I1eXwLKDLEb7toCi0BiTnELGaKBVzABwa0GX+CunYyp2Kk1eK9Ah6hWm04O/3wCxIj6Y/ia7Z42uv",
            "tags": {}
          },
          "private": "eyJzY2hlbWFfdmVyc2lvbiI6IjEifQ==",
          "depends_on": [
            "tls_private_key.main"
          ]
        }
      ]
    },
    {
      "mode": "managed",
      "type": "aws_nat_gateway",
      "name": "nat",
      "provider": "provider.aws",
      "instances": [
        {
          "schema_version": 0,
          "attributes": {
            "allocation_id": "eipalloc-0e655530ed00cc612",
            "id": "nat-0eba283350e13046d",
            "network_interface_id": "eni-0f30fc273e4219cfb",
            "private_ip": "10.5.0.87",
            "public_ip": "52.18.141.238",
            "subnet_id": "subnet-0fdbc002a2769bc68",
            "tags": {}
          },
          "private": "bnVsbA==",
          "depends_on": [
            "aws_eip.nat",
            "aws_subnet.public[0]"
          ]
        }
      ]
    },
    {
      "mode": "managed",
      "type": "aws_route_table",
      "name": "private",
      "provider": "provider.aws",
      "instances": [
        {
          "schema_version": 0,
          "attributes": {
            "id": "rtb-05c15a48cb373b126",
            "owner_id": "133072409765",
            "propagating_vgws": [],
            "route": [
              {
                "cidr_block": "0.0.0.0/0",
                "egress_only_gateway_id": "",
                "gateway_id": "",
                "instance_id": "",
                "ipv6_cidr_block": "",
                "nat_gateway_id": "nat-0eba283350e13046d",
                "network_interface_id": "",
                "transit_gateway_id": "",
                "vpc_peering_connection_id": ""
              }
            ],
            "tags": {
              "environment": "elk-test",
              "exposition": "private"
            },
            "vpc_id": "vpc-010838efaed692e0f"
          },
          "private": "bnVsbA==",
          "depends_on": [
            "aws_nat_gateway.nat",
            "aws_vpc.main"
          ]
        }
      ]
    },
    {
      "mode": "managed",
      "type": "aws_route_table",
      "name": "public",
      "provider": "provider.aws",
      "instances": [
        {
          "schema_version": 0,
          "attributes": {
            "id": "rtb-0cc680ae298b20772",
            "owner_id": "133072409765",
            "propagating_vgws": [],
            "route": [
              {
                "cidr_block": "0.0.0.0/0",
                "egress_only_gateway_id": "",
                "gateway_id": "igw-00b0119d15a4908cd",
                "instance_id": "",
                "ipv6_cidr_block": "",
                "nat_gateway_id": "",
                "network_interface_id": "",
                "transit_gateway_id": "",
                "vpc_peering_connection_id": ""
              }
            ],
            "tags": {
              "environment": "elk-test",
              "exposition": "public"
            },
            "vpc_id": "vpc-010838efaed692e0f"
          },
          "private": "bnVsbA==",
          "depends_on": [
            "aws_internet_gateway.main",
            "aws_vpc.main"
          ]
        }
      ]
    },
    {
      "mode": "managed",
      "type": "aws_route_table_association",
      "name": "private",
      "each": "list",
      "provider": "provider.aws",
      "instances": [
        {
          "index_key": 0,
          "schema_version": 0,
          "attributes": {
            "gateway_id": null,
            "id": "rtbassoc-005adce797e942d69",
            "route_table_id": "rtb-05c15a48cb373b126",
            "subnet_id": "subnet-02ef46e25d6336223"
          },
          "private": "bnVsbA==",
          "depends_on": [
            "aws_route_table.private",
            "aws_subnet.private"
          ]
        },
        {
          "index_key": 1,
          "schema_version": 0,
          "attributes": {
            "gateway_id": null,
            "id": "rtbassoc-038e91d5d7aae298b",
            "route_table_id": "rtb-05c15a48cb373b126",
            "subnet_id": "subnet-08832897129397c31"
          },
          "private": "bnVsbA==",
          "depends_on": [
            "aws_route_table.private",
            "aws_subnet.private"
          ]
        },
        {
          "index_key": 2,
          "schema_version": 0,
          "attributes": {
            "gateway_id": null,
            "id": "rtbassoc-011fb2d6e8a44665f",
            "route_table_id": "rtb-05c15a48cb373b126",
            "subnet_id": "subnet-0dfecd23032ae06ff"
          },
          "private": "bnVsbA==",
          "depends_on": [
            "aws_route_table.private",
            "aws_subnet.private"
          ]
        }
      ]
    },
    {
      "mode": "managed",
      "type": "aws_route_table_association",
      "name": "public",
      "each": "list",
      "provider": "provider.aws",
      "instances": [
        {
          "index_key": 0,
          "schema_version": 0,
          "attributes": {
            "gateway_id": null,
            "id": "rtbassoc-0175df22d03565510",
            "route_table_id": "rtb-0cc680ae298b20772",
            "subnet_id": "subnet-0fdbc002a2769bc68"
          },
          "private": "bnVsbA==",
          "depends_on": [
            "aws_route_table.public",
            "aws_subnet.public"
          ]
        },
        {
          "index_key": 1,
          "schema_version": 0,
          "attributes": {
            "gateway_id": null,
            "id": "rtbassoc-09c55e1ebc24cd0a7",
            "route_table_id": "rtb-0cc680ae298b20772",
            "subnet_id": "subnet-0878f005413803b73"
          },
          "private": "bnVsbA==",
          "depends_on": [
            "aws_route_table.public",
            "aws_subnet.public"
          ]
        },
        {
          "index_key": 2,
          "schema_version": 0,
          "attributes": {
            "gateway_id": null,
            "id": "rtbassoc-04f203eb89a7666f8",
            "route_table_id": "rtb-0cc680ae298b20772",
            "subnet_id": "subnet-0a16f2b2ec28cc972"
          },
          "private": "bnVsbA==",
          "depends_on": [
            "aws_route_table.public",
            "aws_subnet.public"
          ]
        }
      ]
    },
    {
      "mode": "managed",
      "type": "aws_security_group",
      "name": "private",
      "provider": "provider.aws",
      "instances": [
        {
          "schema_version": 1,
          "attributes": {
            "arn": "arn:aws:ec2:eu-west-1:133072409765:security-group/sg-00edc3409df618f34",
            "description": "Managed by Terraform",
            "egress": [
              {
                "cidr_blocks": [
                  "0.0.0.0/0"
                ],
                "description": "Allow all outbound",
                "from_port": 0,
                "ipv6_cidr_blocks": [],
                "prefix_list_ids": [],
                "protocol": "tcp",
                "security_groups": [],
                "self": false,
                "to_port": 65535
              }
            ],
            "id": "sg-00edc3409df618f34",
            "ingress": [
              {
                "cidr_blocks": [
                  "10.5.0.0/16"
                ],
                "description": "SSH",
                "from_port": 22,
                "ipv6_cidr_blocks": [],
                "prefix_list_ids": [],
                "protocol": "tcp",
                "security_groups": [],
                "self": false,
                "to_port": 22
              }
            ],
            "name": "terraform-20200525115241062800000002",
            "name_prefix": null,
            "owner_id": "133072409765",
            "revoke_rules_on_delete": false,
            "tags": {
              "Name": "elk-test-private",
              "environment": "test",
              "exposition": "private"
            },
            "timeouts": null,
            "vpc_id": "vpc-010838efaed692e0f"
          },
          "private": "eyJlMmJmYjczMC1lY2FhLTExZTYtOGY4OC0zNDM2M2JjN2M0YzAiOnsiY3JlYXRlIjo2MDAwMDAwMDAwMDAsImRlbGV0ZSI6NjAwMDAwMDAwMDAwfSwic2NoZW1hX3ZlcnNpb24iOiIxIn0=",
          "depends_on": [
            "aws_vpc.main"
          ]
        }
      ]
    },
    {
      "mode": "managed",
      "type": "aws_security_group",
      "name": "public",
      "provider": "provider.aws",
      "instances": [
        {
          "schema_version": 1,
          "attributes": {
            "arn": "arn:aws:ec2:eu-west-1:133072409765:security-group/sg-0c6625f43b7293dac",
            "description": "Managed by Terraform",
            "egress": [
              {
                "cidr_blocks": [
                  "0.0.0.0/0"
                ],
                "description": "Allow all outbound",
                "from_port": 0,
                "ipv6_cidr_blocks": [],
                "prefix_list_ids": [],
                "protocol": "tcp",
                "security_groups": [],
                "self": false,
                "to_port": 65535
              }
            ],
            "id": "sg-0c6625f43b7293dac",
            "ingress": [
              {
                "cidr_blocks": [
                  "0.0.0.0/0"
                ],
                "description": "SSH",
                "from_port": 22,
                "ipv6_cidr_blocks": [],
                "prefix_list_ids": [],
                "protocol": "tcp",
                "security_groups": [],
                "self": false,
                "to_port": 22
              }
            ],
            "name": "terraform-20200525115241062600000001",
            "name_prefix": null,
            "owner_id": "133072409765",
            "revoke_rules_on_delete": false,
            "tags": {
              "Name": "elk-test-private",
              "environment": "test",
              "exposition": "public"
            },
            "timeouts": null,
            "vpc_id": "vpc-010838efaed692e0f"
          },
          "private": "eyJlMmJmYjczMC1lY2FhLTExZTYtOGY4OC0zNDM2M2JjN2M0YzAiOnsiY3JlYXRlIjo2MDAwMDAwMDAwMDAsImRlbGV0ZSI6NjAwMDAwMDAwMDAwfSwic2NoZW1hX3ZlcnNpb24iOiIxIn0=",
          "depends_on": [
            "aws_vpc.main"
          ]
        }
      ]
    },
    {
      "mode": "managed",
      "type": "aws_subnet",
      "name": "private",
      "each": "list",
      "provider": "provider.aws",
      "instances": [
        {
          "index_key": 0,
          "schema_version": 1,
          "attributes": {
            "arn": "arn:aws:ec2:eu-west-1:133072409765:subnet/subnet-02ef46e25d6336223",
            "assign_ipv6_address_on_creation": false,
            "availability_zone": "eu-west-1a",
            "availability_zone_id": "euw1-az1",
            "cidr_block": "10.5.3.0/24",
            "id": "subnet-02ef46e25d6336223",
            "ipv6_cidr_block": "",
            "ipv6_cidr_block_association_id": "",
            "map_public_ip_on_launch": false,
            "outpost_arn": "",
            "owner_id": "133072409765",
            "tags": {
              "Name": "elk-test-private-01",
              "az": "eu-west-1a",
              "environment": "elk-test"
            },
            "timeouts": null,
            "vpc_id": "vpc-010838efaed692e0f"
          },
          "private": "eyJlMmJmYjczMC1lY2FhLTExZTYtOGY4OC0zNDM2M2JjN2M0YzAiOnsiY3JlYXRlIjo2MDAwMDAwMDAwMDAsImRlbGV0ZSI6MTIwMDAwMDAwMDAwMH0sInNjaGVtYV92ZXJzaW9uIjoiMSJ9",
          "depends_on": [
            "aws_vpc.main",
            "data.aws_availability_zones.available"
          ]
        },
        {
          "index_key": 1,
          "schema_version": 1,
          "attributes": {
            "arn": "arn:aws:ec2:eu-west-1:133072409765:subnet/subnet-08832897129397c31",
            "assign_ipv6_address_on_creation": false,
            "availability_zone": "eu-west-1b",
            "availability_zone_id": "euw1-az2",
            "cidr_block": "10.5.4.0/24",
            "id": "subnet-08832897129397c31",
            "ipv6_cidr_block": "",
            "ipv6_cidr_block_association_id": "",
            "map_public_ip_on_launch": false,
            "outpost_arn": "",
            "owner_id": "133072409765",
            "tags": {
              "Name": "elk-test-private-02",
              "az": "eu-west-1a",
              "environment": "elk-test"
            },
            "timeouts": null,
            "vpc_id": "vpc-010838efaed692e0f"
          },
          "private": "eyJlMmJmYjczMC1lY2FhLTExZTYtOGY4OC0zNDM2M2JjN2M0YzAiOnsiY3JlYXRlIjo2MDAwMDAwMDAwMDAsImRlbGV0ZSI6MTIwMDAwMDAwMDAwMH0sInNjaGVtYV92ZXJzaW9uIjoiMSJ9",
          "depends_on": [
            "aws_vpc.main",
            "data.aws_availability_zones.available"
          ]
        },
        {
          "index_key": 2,
          "schema_version": 1,
          "attributes": {
            "arn": "arn:aws:ec2:eu-west-1:133072409765:subnet/subnet-0dfecd23032ae06ff",
            "assign_ipv6_address_on_creation": false,
            "availability_zone": "eu-west-1c",
            "availability_zone_id": "euw1-az3",
            "cidr_block": "10.5.5.0/24",
            "id": "subnet-0dfecd23032ae06ff",
            "ipv6_cidr_block": "",
            "ipv6_cidr_block_association_id": "",
            "map_public_ip_on_launch": false,
            "outpost_arn": "",
            "owner_id": "133072409765",
            "tags": {
              "Name": "elk-test-private-03",
              "az": "eu-west-1a",
              "environment": "elk-test"
            },
            "timeouts": null,
            "vpc_id": "vpc-010838efaed692e0f"
          },
          "private": "eyJlMmJmYjczMC1lY2FhLTExZTYtOGY4OC0zNDM2M2JjN2M0YzAiOnsiY3JlYXRlIjo2MDAwMDAwMDAwMDAsImRlbGV0ZSI6MTIwMDAwMDAwMDAwMH0sInNjaGVtYV92ZXJzaW9uIjoiMSJ9",
          "depends_on": [
            "aws_vpc.main",
            "data.aws_availability_zones.available"
          ]
        }
      ]
    },
    {
      "mode": "managed",
      "type": "aws_subnet",
      "name": "public",
      "each": "list",
      "provider": "provider.aws",
      "instances": [
        {
          "index_key": 0,
          "schema_version": 1,
          "attributes": {
            "arn": "arn:aws:ec2:eu-west-1:133072409765:subnet/subnet-0fdbc002a2769bc68",
            "assign_ipv6_address_on_creation": false,
            "availability_zone": "eu-west-1a",
            "availability_zone_id": "euw1-az1",
            "cidr_block": "10.5.0.0/24",
            "id": "subnet-0fdbc002a2769bc68",
            "ipv6_cidr_block": "",
            "ipv6_cidr_block_association_id": "",
            "map_public_ip_on_launch": true,
            "outpost_arn": "",
            "owner_id": "133072409765",
            "tags": {
              "Name": "elk-test-public-01",
              "az": "eu-west-1a",
              "environment": "elk-test"
            },
            "timeouts": null,
            "vpc_id": "vpc-010838efaed692e0f"
          },
          "private": "eyJlMmJmYjczMC1lY2FhLTExZTYtOGY4OC0zNDM2M2JjN2M0YzAiOnsiY3JlYXRlIjo2MDAwMDAwMDAwMDAsImRlbGV0ZSI6MTIwMDAwMDAwMDAwMH0sInNjaGVtYV92ZXJzaW9uIjoiMSJ9",
          "depends_on": [
            "aws_vpc.main",
            "data.aws_availability_zones.available"
          ]
        },
        {
          "index_key": 1,
          "schema_version": 1,
          "attributes": {
            "arn": "arn:aws:ec2:eu-west-1:133072409765:subnet/subnet-0878f005413803b73",
            "assign_ipv6_address_on_creation": false,
            "availability_zone": "eu-west-1b",
            "availability_zone_id": "euw1-az2",
            "cidr_block": "10.5.1.0/24",
            "id": "subnet-0878f005413803b73",
            "ipv6_cidr_block": "",
            "ipv6_cidr_block_association_id": "",
            "map_public_ip_on_launch": true,
            "outpost_arn": "",
            "owner_id": "133072409765",
            "tags": {
              "Name": "elk-test-public-02",
              "az": "eu-west-1b",
              "environment": "elk-test"
            },
            "timeouts": null,
            "vpc_id": "vpc-010838efaed692e0f"
          },
          "private": "eyJlMmJmYjczMC1lY2FhLTExZTYtOGY4OC0zNDM2M2JjN2M0YzAiOnsiY3JlYXRlIjo2MDAwMDAwMDAwMDAsImRlbGV0ZSI6MTIwMDAwMDAwMDAwMH0sInNjaGVtYV92ZXJzaW9uIjoiMSJ9",
          "depends_on": [
            "aws_vpc.main",
            "data.aws_availability_zones.available"
          ]
        },
        {
          "index_key": 2,
          "schema_version": 1,
          "attributes": {
            "arn": "arn:aws:ec2:eu-west-1:133072409765:subnet/subnet-0a16f2b2ec28cc972",
            "assign_ipv6_address_on_creation": false,
            "availability_zone": "eu-west-1c",
            "availability_zone_id": "euw1-az3",
            "cidr_block": "10.5.2.0/24",
            "id": "subnet-0a16f2b2ec28cc972",
            "ipv6_cidr_block": "",
            "ipv6_cidr_block_association_id": "",
            "map_public_ip_on_launch": true,
            "outpost_arn": "",
            "owner_id": "133072409765",
            "tags": {
              "Name": "elk-test-public-03",
              "az": "eu-west-1c",
              "environment": "elk-test"
            },
            "timeouts": null,
            "vpc_id": "vpc-010838efaed692e0f"
          },
          "private": "eyJlMmJmYjczMC1lY2FhLTExZTYtOGY4OC0zNDM2M2JjN2M0YzAiOnsiY3JlYXRlIjo2MDAwMDAwMDAwMDAsImRlbGV0ZSI6MTIwMDAwMDAwMDAwMH0sInNjaGVtYV92ZXJzaW9uIjoiMSJ9",
          "depends_on": [
            "aws_vpc.main",
            "data.aws_availability_zones.available"
          ]
        }
      ]
    },
    {
      "mode": "managed",
      "type": "aws_vpc",
      "name": "main",
      "provider": "provider.aws",
      "instances": [
        {
          "schema_version": 1,
          "attributes": {
            "arn": "arn:aws:ec2:eu-west-1:133072409765:vpc/vpc-010838efaed692e0f",
            "assign_generated_ipv6_cidr_block": false,
            "cidr_block": "10.5.0.0/16",
            "default_network_acl_id": "acl-067eccd4f4f4317d4",
            "default_route_table_id": "rtb-0d7320fcedb9d66b2",
            "default_security_group_id": "sg-0d8d4ab3906753cf3",
            "dhcp_options_id": "dopt-6a2e0a0c",
            "enable_classiclink": false,
            "enable_classiclink_dns_support": false,
            "enable_dns_hostnames": true,
            "enable_dns_support": true,
            "id": "vpc-010838efaed692e0f",
            "instance_tenancy": "default",
            "ipv6_association_id": "",
            "ipv6_cidr_block": "",
            "main_route_table_id": "rtb-0d7320fcedb9d66b2",
            "owner_id": "133072409765",
            "tags": {
              "environment": "elk-test"
            }
          },
          "private": "eyJzY2hlbWFfdmVyc2lvbiI6IjEifQ=="
        }
      ]
    },
    {
      "mode": "managed",
      "type": "tls_private_key",
      "name": "main",
      "provider": "provider.tls",
      "instances": [
        {
          "schema_version": 0,
          "attributes": {
            "algorithm": "RSA",
            "ecdsa_curve": "P224",
            "id": "c2f4bb5c0caa4e11c453ca317f0ddddd4007e148",
            "private_key_pem": "-----BEGIN RSA PRIVATE KEY-----\nMIIEpQIBAAKCAQEAzwTNli8b4JWljAa4ItN8auVencwZon/d0bHXUoV6cbjNu+ds\n75P6NEtreEUpjLgbBYxodzautwEeXvol7migToot23WjyBw/6RIy8B6nLUzQ3a8m\nkdZ+U/5scynnq7tBvvtYU2evppN5KH4rbfFuqlCd19YEGCc97AEWsvd4D8MhEh7C\najphCjjMGglNiVJVCezmXNwmQ5uDamOpqv+TlBEmckDcuOtYf23c6zfPTjnAaqtG\ntNErcgUxZLc3KYIhtd3yNom+CNXl8CygyxG+7aAotAYk5xCxmigVcwAcGtBl/grp\n2MqdipNXivQIeoVptODv98AsSI+mP4mu2eNrrwIDAQABAoIBAQCS2YxggbBbwqu5\nRbbu9Whnh6dzdimlDOEz89yTLB4sd3RxW3v6AtVUrT9iBGWx7ZM1f2FHV6HeLUv3\nAalQkiVNMVXQPIXe2LM5SPCbRpM+XiQ3bRyGDUp1mKAjnVE6j83WhQMlvwJpvmkO\noVl7Vu0yoZcmWSl0XLnfJPKOJ1+ihXiSqsZuuilVrh+1/5hufrem3urcEzHIbGKU\nBStiShar+I6wPyLzwYZwBrVsQqMEL9I5frjynFGskuG5crSAenakBeQOdnutCnyo\nBVo5FGXs7+b38DN5yALU8pokWeKRla4F9m2w0metynCKi31sIO3TzOEQSo9q6NHD\n7rvj1yRxAoGBANyIZX2Lf8AqdF5EYlpEga4NBkLohDA8JCUylALHTv8+kndRL1Vt\n+6ElUP5W7/kKvaBiQJtqlGJyANCb96+qxZSgG88HCiFRNDdqmMXFqP4QGgA6+eKK\nkCmg7WgX20ibmra/vCQqK398VSxuR54AsIMJhyRCel8m5hWbU1GLzyrpAoGBAPBQ\nBG3b5pwjo92rRs0hCY644+twFMTzQufpCLLp2WDtxREcT8kxFd2MfhkxRpR1s39+\ns0+O0lhRRq6uCdTHwVovH+vXaor4zscP8DZUm7vzlxuxVhLwGx3koykQV0ow18D3\nQg8mnfghS5jtIO/7X9RM8LwL0VTE+P7BHqMdkhLXAoGBALqexdvGx9WzV4RKNDyV\nCnRiWzEVmH9E9YVw1qW/Sc9fgQxtbDPL/Ysxi+efZDWIbE2jt26Nc4IXXS8rPR+v\n0MFj+ARqvZzSHfDjSOLb0JUmxQn63mlhvnsrzpsuzQcVfog1mp2z/dlFOsJ9lCdW\nCAjrcCw0AWAyB7SzG3+/YxG5AoGAf0dyQRmCN9qslOB9fHHuFPiaRv2zEmlhW2FS\nqSgwaSUmBhz/qSjlUtVxiDhQEJuSeYmKwS18/Sf3DtfA/0DZiMGC36/Vj0uegVJQ\nwQXpAhBPTWyMkTU4t4l8XWh5QyNBcsPC6jFi46QG3TVjB5gVNmWV75M2yPYWhx+T\n8YLc9jsCgYEAl8w2oX2cYeQkYNPvWNNL2A3a6hLeXWSBsmCAPwwcz7GM2b8046iZ\n2QRklsk47hQrNG5idy+g1uThrjES9N9EPDvFi7yrgG0j463X2DyoPLVsZbX6gRBC\nE/NA2LZJZZwohDdIogi/P9BHBLGurM71qiHSTsHLchtUQnnX47hJOEQ=\n-----END RSA PRIVATE KEY-----\n",
            "public_key_fingerprint_md5": "ef:9c:55:b6:f6:30:5d:84:d2:42:c5:f3:38:5f:e2:2d",
            "public_key_openssh": "ssh-rsa AAAAB3NzaC1yc2EAAAADAQABAAABAQDPBM2WLxvglaWMBrgi03xq5V6dzBmif93RsddShXpxuM2752zvk/o0S2t4RSmMuBsFjGh3Nq63AR5e+iXuaKBOii3bdaPIHD/pEjLwHqctTNDdryaR1n5T/mxzKeeru0G++1hTZ6+mk3kofitt8W6qUJ3X1gQYJz3sARay93gPwyESHsJqOmEKOMwaCU2JUlUJ7OZc3CZDm4NqY6mq/5OUESZyQNy461h/bdzrN89OOcBqq0a00StyBTFktzcpgiG13fI2ib4I1eXwLKDLEb7toCi0BiTnELGaKBVzABwa0GX+CunYyp2Kk1eK9Ah6hWm04O/3wCxIj6Y/ia7Z42uv\n",
            "public_key_pem": "-----BEGIN PUBLIC KEY-----\nMIIBIjANBgkqhkiG9w0BAQEFAAOCAQ8AMIIBCgKCAQEAzwTNli8b4JWljAa4ItN8\nauVencwZon/d0bHXUoV6cbjNu+ds75P6NEtreEUpjLgbBYxodzautwEeXvol7mig\nToot23WjyBw/6RIy8B6nLUzQ3a8mkdZ+U/5scynnq7tBvvtYU2evppN5KH4rbfFu\nqlCd19YEGCc97AEWsvd4D8MhEh7CajphCjjMGglNiVJVCezmXNwmQ5uDamOpqv+T\nlBEmckDcuOtYf23c6zfPTjnAaqtGtNErcgUxZLc3KYIhtd3yNom+CNXl8CygyxG+\n7aAotAYk5xCxmigVcwAcGtBl/grp2MqdipNXivQIeoVptODv98AsSI+mP4mu2eNr\nrwIDAQAB\n-----END PUBLIC KEY-----\n",
            "rsa_bits": 2048
          },
          "private": "bnVsbA=="
        }
      ]
    }
  ]
}
