{
  "version": 4,
  "terraform_version": "0.12.12",
  "serial": 548,
  "lineage": "a5509251-856e-ef96-2d6d-c71195003b65",
  "outputs": {
    "instances_bastion_public_ip": {
      "value": "54.194.64.97",
      "type": "string"
    },
    "instances_private_ips": {
      "value": [
        "10.5.3.94",
        "10.5.4.49",
        "10.5.5.206"
      ],
      "type": [
        "tuple",
        [
          "string",
          "string",
          "string"
        ]
      ]
    },
    "instances_public_ips": {
      "value": [
        "10.5.0.226",
        "10.5.1.173"
      ],
      "type": [
        "tuple",
        [
          "string",
          "string"
        ]
      ]
    },
    "nat_gateway_public_ip": {
      "value": "54.77.127.18",
      "type": "string"
    },
    "ssh_private_key": {
      "value": "-----BEGIN RSA PRIVATE KEY-----\nMIIEpAIBAAKCAQEAzMpL8dxvvI8GGn704M+KU0Q+cVQJQd3xB8dS7DmY/mIQIDeK\ndTxRg33HjmV3tFdI/uHAcj1sVK2PwVUkXL/CE9S4w2/bAM+RT3VqI6va4mnt+4tf\n/URorO1PwzI2aCDsfqm7V/nfAa/dXKh6jJ3aVQGj2NcEl5itxn9ubqEsiJtOgU1L\nKWEBfAXblPGOqljsyxHaCEdMBlI+K52/QrJ9+xFDW86kNt7si7TzS7HNNvNdORPa\nKjY4qp62NNV6nyC7zJwYva/wUF8mp1SYZk5vuZm2M2RL8uKIJIbdLduqVbUdwuZf\n3DRww4R2SaKJ+uShEkCJgzCrwhFlYLzKJuu+CQIDAQABAoIBAQCA/etYLME0w+HU\nTqNv90npqNKsD4LFOkbX33Ub1ivID3yYzmMn9RZi/Jb12nPL5C7WXNwbGRVjQO+L\nl1WQFjjoxNScRZhsqlGc+xgf39+/PXnpN6D+plhIlDHpgXdDn3lXTxHyGDGfnmaQ\nNo76g3NCmAXcT5NU6ZaLsTid9mdWo1tHe2hUCc8MOzD6xtT/vIEdgZqMRPzFeRnC\nMTAI40a8mTJ7D3m1//NPRRtEIRJdMMBt69uk3bGSkWuPe0y/jwxNnWV69/2QGcdk\nOJza4PSUKcuHvPSVhRT1X9xWj2Afiu9CaVhR4nZV2YM4lK75HN5t/UxWGGXXqjz4\ns/CmGNkBAoGBAPcTAQcSKm9FfETuvhW8YlDsiUvyldzD/tylG/19YGhV8r3SIqjq\nDSRH3DwqwRRP+BT92fsF47bZ8AHSvhiqjIytH0N1oXE+YwNccO7LD7uSzeuOzL9s\nFaed3wjX5epO0i2tmzakDl4sF8IT0odZGBVupzvnWK61GQ1msBrxexrXAoGBANQw\nPa5dJ0V5jMftS/t3+cdd69Q/9zuY6ZyxTdk5fgsgwPVWda0TtI1t9wNGqyAbWlqy\nBWvv+RDL5q3UKEY0Tqc0qV2p6HC7UO25Oi4MxY24RQvS+gC0Fgo8G5055+qZ3nrq\nRqEcy4dT2n1TboZRJ6+whkmE/h2x+v51Lo+xNrIfAoGBALTOJGdfRMxuxfTP3Syc\n0jm0DvkUCdUnXJ9s+CG1mVJg6yU73H9N39YX/DPPecH6j2oVJmpLMgvCSp+a79+v\nFvFvUzyTnVP4uo5gHIiy8s1qLeTeeDjwyJwDrI6VJ7wieC5TKA2BWr5ReAVfaiX/\n7d7pPdpZfw1Cm5Wx+teMtXC7AoGATFJxzUb6ejXnWn5TR0d3U6vHyNedQRWWaeMo\nokrYuH32igioWTHuTrTQFaCUqv7LuDWyV4nAp7b/6WSXe/ESnXgGt4cG8Y2e5XMr\npya25Gv0gfVIMXqVNuc584rBjZP8/29HKmpmFu4ld9DLv4pvYPV4x/cLRHkhU+eo\ncM0IZHcCgYAVvzf9Sf6Z92oXFFBTXkqWbATJdmVcP3zE0lE8d64NxXzibzYO4wPA\n07wtOSwZp65fKeJslPMUoPsU0GEdfQXHzUpqdA5hxQuDMluy6j2pS2aHxM5jggBK\nQWzB6MVy01AjOdYqCxcSRFPE4IXfNaGwyR6MjBwPAti2041mdWPRdQ==\n-----END RSA PRIVATE KEY-----\n",
      "type": "string"
    },
    "ssh_public_key": {
      "value": "ssh-rsa AAAAB3NzaC1yc2EAAAADAQABAAABAQDMykvx3G+8jwYafvTgz4pTRD5xVAlB3fEHx1LsOZj+YhAgN4p1PFGDfceOZXe0V0j+4cByPWxUrY/BVSRcv8IT1LjDb9sAz5FPdWojq9riae37i1/9RGis7U/DMjZoIOx+qbtX+d8Br91cqHqMndpVAaPY1wSXmK3Gf25uoSyIm06BTUspYQF8BduU8Y6qWOzLEdoIR0wGUj4rnb9Csn37EUNbzqQ23uyLtPNLsc028105E9oqNjiqnrY01XqfILvMnBi9r/BQXyanVJhmTm+5mbYzZEvy4ogkht0t26pVtR3C5l/cNHDDhHZJoon65KESQImDMKvCEWVgvMom674J\n",
      "type": "string"
    }
  },
  "resources": [
    {
      "mode": "data",
      "type": "aws_ami",
      "name": "default",
      "provider": "provider.aws",
      "instances": [
        {
          "schema_version": 0,
          "attributes": {
            "architecture": "x86_64",
            "block_device_mappings": [
              {
                "device_name": "/dev/xvda",
                "ebs": {
                  "delete_on_termination": "true",
                  "encrypted": "false",
                  "iops": "0",
                  "snapshot_id": "snap-01f2b7e1abc1981b3",
                  "volume_size": "8",
                  "volume_type": "gp2"
                },
                "no_device": "",
                "virtual_name": ""
              }
            ],
            "creation_date": "2020-04-07T17:30:35.000Z",
            "description": "Amazon Linux 2 AMI 2.0.20200406.0 x86_64 HVM gp2",
            "executable_users": null,
            "filter": [
              {
                "name": "name",
                "values": [
                  "amzn2-ami-hvm-2.0.????????.?-x86_64-gp2"
                ]
              }
            ],
            "hypervisor": "xen",
            "id": "ami-06ce3edf0cff21f07",
            "image_id": "ami-06ce3edf0cff21f07",
            "image_location": "amazon/amzn2-ami-hvm-2.0.20200406.0-x86_64-gp2",
            "image_owner_alias": "amazon",
            "image_type": "machine",
            "kernel_id": null,
            "most_recent": true,
            "name": "amzn2-ami-hvm-2.0.20200406.0-x86_64-gp2",
            "name_regex": null,
            "owner_id": "137112412989",
            "owners": [
              "137112412989"
            ],
            "platform": null,
            "product_codes": [],
            "public": true,
            "ramdisk_id": null,
            "root_device_name": "/dev/xvda",
            "root_device_type": "ebs",
            "root_snapshot_id": "snap-01f2b7e1abc1981b3",
            "sriov_net_support": "simple",
            "state": "available",
            "state_reason": {
              "code": "UNSET",
              "message": "UNSET"
            },
            "tags": {},
            "virtualization_type": "hvm"
          }
        }
      ]
    },
    {
      "mode": "data",
      "type": "aws_availability_zones",
      "name": "available",
      "provider": "provider.aws",
      "instances": [
        {
          "schema_version": 0,
          "attributes": {
            "all_availability_zones": null,
            "blacklisted_names": null,
            "blacklisted_zone_ids": null,
            "filter": null,
            "group_names": [
              "eu-west-1"
            ],
            "id": "2020-05-26 10:20:33.599501918 +0000 UTC",
            "names": [
              "eu-west-1a",
              "eu-west-1b",
              "eu-west-1c"
            ],
            "state": "available",
            "zone_ids": [
              "euw1-az1",
              "euw1-az2",
              "euw1-az3"
            ]
          }
        }
      ]
    },
    {
      "mode": "managed",
      "type": "aws_eip",
      "name": "nat",
      "provider": "provider.aws",
      "instances": [
        {
          "schema_version": 0,
          "attributes": {
            "allocation_id": null,
            "associate_with_private_ip": null,
            "association_id": "",
            "customer_owned_ip": "",
            "customer_owned_ipv4_pool": "",
            "domain": "vpc",
            "id": "eipalloc-0bed433bedfabf1cc",
            "instance": "",
            "network_interface": "",
            "private_dns": null,
            "private_ip": "",
            "public_dns": "ec2-54-77-127-18.eu-west-1.compute.amazonaws.com",
            "public_ip": "54.77.127.18",
            "public_ipv4_pool": "amazon",
            "tags": null,
            "timeouts": null,
            "vpc": true
          },
          "private": "eyJlMmJmYjczMC1lY2FhLTExZTYtOGY4OC0zNDM2M2JjN2M0YzAiOnsiZGVsZXRlIjoxODAwMDAwMDAwMDAsInJlYWQiOjkwMDAwMDAwMDAwMCwidXBkYXRlIjozMDAwMDAwMDAwMDB9fQ=="
        }
      ]
    },
    {
      "mode": "managed",
      "type": "aws_instance",
      "name": "bastion",
      "provider": "provider.aws",
      "instances": [
        {
          "schema_version": 1,
          "attributes": {
            "ami": "ami-06ce3edf0cff21f07",
            "arn": "arn:aws:ec2:eu-west-1:133072409765:instance/i-032c5d81e671986f4",
            "associate_public_ip_address": true,
            "availability_zone": "eu-west-1a",
            "cpu_core_count": 1,
            "cpu_threads_per_core": 1,
            "credit_specification": [
              {
                "cpu_credits": "standard"
              }
            ],
            "disable_api_termination": false,
            "ebs_block_device": [],
            "ebs_optimized": false,
            "ephemeral_block_device": [],
            "get_password_data": false,
            "hibernation": false,
            "host_id": null,
            "iam_instance_profile": "",
            "id": "i-032c5d81e671986f4",
            "instance_initiated_shutdown_behavior": null,
            "instance_state": "running",
            "instance_type": "t2.micro",
            "ipv6_address_count": 0,
            "ipv6_addresses": [],
            "key_name": "elk-test",
            "metadata_options": [
              {
                "http_endpoint": "enabled",
                "http_put_response_hop_limit": 1,
                "http_tokens": "optional"
              }
            ],
            "monitoring": false,
            "network_interface": [],
            "network_interface_id": null,
            "outpost_arn": "",
            "password_data": "",
            "placement_group": "",
            "primary_network_interface_id": "eni-03f698a52ece76212",
            "private_dns": "ip-10-5-0-185.eu-west-1.compute.internal",
            "private_ip": "10.5.0.185",
            "public_dns": "ec2-54-194-64-97.eu-west-1.compute.amazonaws.com",
            "public_ip": "54.194.64.97",
            "root_block_device": [
              {
                "delete_on_termination": true,
                "device_name": "/dev/xvda",
                "encrypted": false,
                "iops": 100,
                "kms_key_id": "",
                "volume_id": "vol-029b10bf8823feaf2",
                "volume_size": 8,
                "volume_type": "gp2"
              }
            ],
            "security_groups": [],
            "source_dest_check": true,
            "subnet_id": "subnet-09d1cf747eac98405",
            "tags": {
              "Name": "elk-test-bastion",
              "environment": "elk-test"
            },
            "tenancy": "default",
            "timeouts": null,
            "user_data": null,
            "user_data_base64": null,
            "volume_tags": {},
            "vpc_security_group_ids": [
              "sg-08fc8ba14fe6726c9"
            ]
          },
          "private": "eyJlMmJmYjczMC1lY2FhLTExZTYtOGY4OC0zNDM2M2JjN2M0YzAiOnsiY3JlYXRlIjo2MDAwMDAwMDAwMDAsImRlbGV0ZSI6MTIwMDAwMDAwMDAwMCwidXBkYXRlIjo2MDAwMDAwMDAwMDB9LCJzY2hlbWFfdmVyc2lvbiI6IjEifQ==",
          "depends_on": [
            "aws_key_pair.main",
            "aws_security_group.public",
            "aws_subnet.public[0]",
            "data.aws_ami.default",
            "data.aws_availability_zones.available"
          ]
        }
      ]
    },
    {
      "mode": "managed",
      "type": "aws_instance",
      "name": "private",
      "each": "list",
      "provider": "provider.aws",
      "instances": [
        {
          "index_key": 0,
          "schema_version": 1,
          "attributes": {
            "ami": "ami-06ce3edf0cff21f07",
            "arn": "arn:aws:ec2:eu-west-1:133072409765:instance/i-0d6a529d632be9eae",
            "associate_public_ip_address": false,
            "availability_zone": "eu-west-1a",
            "cpu_core_count": 1,
            "cpu_threads_per_core": 2,
            "credit_specification": [
              {
                "cpu_credits": "unlimited"
              }
            ],
            "disable_api_termination": false,
            "ebs_block_device": [],
            "ebs_optimized": false,
            "ephemeral_block_device": [],
            "get_password_data": false,
            "hibernation": false,
            "host_id": null,
            "iam_instance_profile": "",
            "id": "i-0d6a529d632be9eae",
            "instance_initiated_shutdown_behavior": null,
            "instance_state": "running",
            "instance_type": "t3.large",
            "ipv6_address_count": 0,
            "ipv6_addresses": [],
            "key_name": "elk-test",
            "metadata_options": [
              {
                "http_endpoint": "enabled",
                "http_put_response_hop_limit": 1,
                "http_tokens": "optional"
              }
            ],
            "monitoring": false,
            "network_interface": [],
            "network_interface_id": null,
            "outpost_arn": "",
            "password_data": "",
            "placement_group": "",
            "primary_network_interface_id": "eni-098267e2ab615ce1c",
            "private_dns": "ip-10-5-3-94.eu-west-1.compute.internal",
            "private_ip": "10.5.3.94",
            "public_dns": "",
            "public_ip": "",
            "root_block_device": [
              {
                "delete_on_termination": true,
                "device_name": "/dev/xvda",
                "encrypted": false,
                "iops": 100,
                "kms_key_id": "",
                "volume_id": "vol-0b57ca93fec940224",
                "volume_size": 8,
                "volume_type": "gp2"
              }
            ],
            "security_groups": [],
            "source_dest_check": true,
            "subnet_id": "subnet-02b5feb4431940b43",
            "tags": {
              "Name": "elk-test-elasticsearch-01",
              "application": "elasticsearch",
              "environment": "elk-test",
              "exposition": "private",
              "stack": "elk"
            },
            "tenancy": "default",
            "timeouts": null,
            "user_data": "4eedad973c357712fdb87b9c7c1f478845e21ab0",
            "user_data_base64": null,
            "volume_tags": {},
            "vpc_security_group_ids": [
              "sg-03b0b0a27f91a520a"
            ]
          },
          "private": "eyJlMmJmYjczMC1lY2FhLTExZTYtOGY4OC0zNDM2M2JjN2M0YzAiOnsiY3JlYXRlIjo2MDAwMDAwMDAwMDAsImRlbGV0ZSI6MTIwMDAwMDAwMDAwMCwidXBkYXRlIjo2MDAwMDAwMDAwMDB9LCJzY2hlbWFfdmVyc2lvbiI6IjEifQ==",
          "depends_on": [
            "aws_key_pair.main",
            "aws_security_group.private",
            "aws_subnet.private",
            "data.aws_ami.default",
            "data.aws_availability_zones.available"
          ]
        },
        {
          "index_key": 1,
          "schema_version": 1,
          "attributes": {
            "ami": "ami-06ce3edf0cff21f07",
            "arn": "arn:aws:ec2:eu-west-1:133072409765:instance/i-0539a3166892aaf6c",
            "associate_public_ip_address": false,
            "availability_zone": "eu-west-1b",
            "cpu_core_count": 1,
            "cpu_threads_per_core": 2,
            "credit_specification": [
              {
                "cpu_credits": "unlimited"
              }
            ],
            "disable_api_termination": false,
            "ebs_block_device": [],
            "ebs_optimized": false,
            "ephemeral_block_device": [],
            "get_password_data": false,
            "hibernation": false,
            "host_id": null,
            "iam_instance_profile": "",
            "id": "i-0539a3166892aaf6c",
            "instance_initiated_shutdown_behavior": null,
            "instance_state": "running",
            "instance_type": "t3.large",
            "ipv6_address_count": 0,
            "ipv6_addresses": [],
            "key_name": "elk-test",
            "metadata_options": [
              {
                "http_endpoint": "enabled",
                "http_put_response_hop_limit": 1,
                "http_tokens": "optional"
              }
            ],
            "monitoring": false,
            "network_interface": [],
            "network_interface_id": null,
            "outpost_arn": "",
            "password_data": "",
            "placement_group": "",
            "primary_network_interface_id": "eni-01b372c354f1d7b6b",
            "private_dns": "ip-10-5-4-49.eu-west-1.compute.internal",
            "private_ip": "10.5.4.49",
            "public_dns": "",
            "public_ip": "",
            "root_block_device": [
              {
                "delete_on_termination": true,
                "device_name": "/dev/xvda",
                "encrypted": false,
                "iops": 100,
                "kms_key_id": "",
                "volume_id": "vol-0a1ab3f72446cb919",
                "volume_size": 8,
                "volume_type": "gp2"
              }
            ],
            "security_groups": [],
            "source_dest_check": true,
            "subnet_id": "subnet-0e2923c146cc66d22",
            "tags": {
              "Name": "elk-test-elasticsearch-02",
              "application": "elasticsearch",
              "environment": "elk-test",
              "exposition": "private",
              "stack": "elk"
            },
            "tenancy": "default",
            "timeouts": null,
            "user_data": "4eedad973c357712fdb87b9c7c1f478845e21ab0",
            "user_data_base64": null,
            "volume_tags": {},
            "vpc_security_group_ids": [
              "sg-03b0b0a27f91a520a"
            ]
          },
          "private": "eyJlMmJmYjczMC1lY2FhLTExZTYtOGY4OC0zNDM2M2JjN2M0YzAiOnsiY3JlYXRlIjo2MDAwMDAwMDAwMDAsImRlbGV0ZSI6MTIwMDAwMDAwMDAwMCwidXBkYXRlIjo2MDAwMDAwMDAwMDB9LCJzY2hlbWFfdmVyc2lvbiI6IjEifQ==",
          "depends_on": [
            "aws_key_pair.main",
            "aws_security_group.private",
            "aws_subnet.private",
            "data.aws_ami.default",
            "data.aws_availability_zones.available"
          ]
        },
        {
          "index_key": 2,
          "schema_version": 1,
          "attributes": {
            "ami": "ami-06ce3edf0cff21f07",
            "arn": "arn:aws:ec2:eu-west-1:133072409765:instance/i-062d7e8e60d32da10",
            "associate_public_ip_address": false,
            "availability_zone": "eu-west-1c",
            "cpu_core_count": 1,
            "cpu_threads_per_core": 2,
            "credit_specification": [
              {
                "cpu_credits": "unlimited"
              }
            ],
            "disable_api_termination": false,
            "ebs_block_device": [],
            "ebs_optimized": false,
            "ephemeral_block_device": [],
            "get_password_data": false,
            "hibernation": false,
            "host_id": null,
            "iam_instance_profile": "",
            "id": "i-062d7e8e60d32da10",
            "instance_initiated_shutdown_behavior": null,
            "instance_state": "running",
            "instance_type": "t3.large",
            "ipv6_address_count": 0,
            "ipv6_addresses": [],
            "key_name": "elk-test",
            "metadata_options": [
              {
                "http_endpoint": "enabled",
                "http_put_response_hop_limit": 1,
                "http_tokens": "optional"
              }
            ],
            "monitoring": false,
            "network_interface": [],
            "network_interface_id": null,
            "outpost_arn": "",
            "password_data": "",
            "placement_group": "",
            "primary_network_interface_id": "eni-0ed1953a76b58c023",
            "private_dns": "ip-10-5-5-206.eu-west-1.compute.internal",
            "private_ip": "10.5.5.206",
            "public_dns": "",
            "public_ip": "",
            "root_block_device": [
              {
                "delete_on_termination": true,
                "device_name": "/dev/xvda",
                "encrypted": false,
                "iops": 100,
                "kms_key_id": "",
                "volume_id": "vol-0765a555ec8a42e58",
                "volume_size": 8,
                "volume_type": "gp2"
              }
            ],
            "security_groups": [],
            "source_dest_check": true,
            "subnet_id": "subnet-0735ee11d61595034",
            "tags": {
              "Name": "elk-test-elasticsearch-03",
              "application": "elasticsearch",
              "environment": "elk-test",
              "exposition": "private",
              "stack": "elk"
            },
            "tenancy": "default",
            "timeouts": null,
            "user_data": "4eedad973c357712fdb87b9c7c1f478845e21ab0",
            "user_data_base64": null,
            "volume_tags": {},
            "vpc_security_group_ids": [
              "sg-03b0b0a27f91a520a"
            ]
          },
          "private": "eyJlMmJmYjczMC1lY2FhLTExZTYtOGY4OC0zNDM2M2JjN2M0YzAiOnsiY3JlYXRlIjo2MDAwMDAwMDAwMDAsImRlbGV0ZSI6MTIwMDAwMDAwMDAwMCwidXBkYXRlIjo2MDAwMDAwMDAwMDB9LCJzY2hlbWFfdmVyc2lvbiI6IjEifQ==",
          "depends_on": [
            "aws_key_pair.main",
            "aws_security_group.private",
            "aws_subnet.private",
            "data.aws_ami.default",
            "data.aws_availability_zones.available"
          ]
        }
      ]
    },
    {
      "mode": "managed",
      "type": "aws_instance",
      "name": "public",
      "each": "list",
      "provider": "provider.aws",
      "instances": [
        {
          "index_key": 0,
          "schema_version": 1,
          "attributes": {
            "ami": "ami-06ce3edf0cff21f07",
            "arn": "arn:aws:ec2:eu-west-1:133072409765:instance/i-04ac0512c3f836f5e",
            "associate_public_ip_address": true,
            "availability_zone": "eu-west-1a",
            "cpu_core_count": 1,
            "cpu_threads_per_core": 1,
            "credit_specification": [
              {
                "cpu_credits": "standard"
              }
            ],
            "disable_api_termination": false,
            "ebs_block_device": [],
            "ebs_optimized": false,
            "ephemeral_block_device": [],
            "get_password_data": false,
            "hibernation": false,
            "host_id": null,
            "iam_instance_profile": "",
            "id": "i-04ac0512c3f836f5e",
            "instance_initiated_shutdown_behavior": null,
            "instance_state": "running",
            "instance_type": "t2.micro",
            "ipv6_address_count": 0,
            "ipv6_addresses": [],
            "key_name": "elk-test",
            "metadata_options": [
              {
                "http_endpoint": "enabled",
                "http_put_response_hop_limit": 1,
                "http_tokens": "optional"
              }
            ],
            "monitoring": false,
            "network_interface": [],
            "network_interface_id": null,
            "outpost_arn": "",
            "password_data": "",
            "placement_group": "",
            "primary_network_interface_id": "eni-0f4b367f9cdfeadbc",
            "private_dns": "ip-10-5-0-226.eu-west-1.compute.internal",
            "private_ip": "10.5.0.226",
            "public_dns": "ec2-34-245-165-22.eu-west-1.compute.amazonaws.com",
            "public_ip": "34.245.165.22",
            "root_block_device": [
              {
                "delete_on_termination": true,
                "device_name": "/dev/xvda",
                "encrypted": false,
                "iops": 100,
                "kms_key_id": "",
                "volume_id": "vol-0a3840e7d78e68fe8",
                "volume_size": 8,
                "volume_type": "gp2"
              }
            ],
            "security_groups": [],
            "source_dest_check": true,
            "subnet_id": "subnet-09d1cf747eac98405",
            "tags": {
              "Name": "elk-test-kibana-01",
              "application": "kibana",
              "environment": "elk-test",
              "exposition": "public",
              "stack": "elk"
            },
            "tenancy": "default",
            "timeouts": null,
            "user_data": "4eedad973c357712fdb87b9c7c1f478845e21ab0",
            "user_data_base64": null,
            "volume_tags": {},
            "vpc_security_group_ids": [
              "sg-08fc8ba14fe6726c9"
            ]
          },
          "private": "eyJlMmJmYjczMC1lY2FhLTExZTYtOGY4OC0zNDM2M2JjN2M0YzAiOnsiY3JlYXRlIjo2MDAwMDAwMDAwMDAsImRlbGV0ZSI6MTIwMDAwMDAwMDAwMCwidXBkYXRlIjo2MDAwMDAwMDAwMDB9LCJzY2hlbWFfdmVyc2lvbiI6IjEifQ==",
          "depends_on": [
            "aws_key_pair.main",
            "aws_security_group.public",
            "aws_subnet.public",
            "data.aws_ami.default",
            "data.aws_availability_zones.available"
          ]
        },
        {
          "index_key": 1,
          "schema_version": 1,
          "attributes": {
            "ami": "ami-06ce3edf0cff21f07",
            "arn": "arn:aws:ec2:eu-west-1:133072409765:instance/i-056ae4c0d60a33d42",
            "associate_public_ip_address": true,
            "availability_zone": "eu-west-1b",
            "cpu_core_count": 1,
            "cpu_threads_per_core": 1,
            "credit_specification": [
              {
                "cpu_credits": "standard"
              }
            ],
            "disable_api_termination": false,
            "ebs_block_device": [],
            "ebs_optimized": false,
            "ephemeral_block_device": [],
            "get_password_data": false,
            "hibernation": false,
            "host_id": null,
            "iam_instance_profile": "",
            "id": "i-056ae4c0d60a33d42",
            "instance_initiated_shutdown_behavior": null,
            "instance_state": "running",
            "instance_type": "t2.micro",
            "ipv6_address_count": 0,
            "ipv6_addresses": [],
            "key_name": "elk-test",
            "metadata_options": [
              {
                "http_endpoint": "enabled",
                "http_put_response_hop_limit": 1,
                "http_tokens": "optional"
              }
            ],
            "monitoring": false,
            "network_interface": [],
            "network_interface_id": null,
            "outpost_arn": "",
            "password_data": "",
            "placement_group": "",
            "primary_network_interface_id": "eni-0b70a85f2958808ce",
            "private_dns": "ip-10-5-1-173.eu-west-1.compute.internal",
            "private_ip": "10.5.1.173",
            "public_dns": "ec2-3-249-73-221.eu-west-1.compute.amazonaws.com",
            "public_ip": "3.249.73.221",
            "root_block_device": [
              {
                "delete_on_termination": true,
                "device_name": "/dev/xvda",
                "encrypted": false,
                "iops": 100,
                "kms_key_id": "",
                "volume_id": "vol-0c0e170f3844c1191",
                "volume_size": 8,
                "volume_type": "gp2"
              }
            ],
            "security_groups": [],
            "source_dest_check": true,
            "subnet_id": "subnet-07c69a0aee3ebdf03",
            "tags": {
              "Name": "elk-test-kibana-02",
              "application": "kibana",
              "environment": "elk-test",
              "exposition": "public",
              "stack": "elk"
            },
            "tenancy": "default",
            "timeouts": null,
            "user_data": "4eedad973c357712fdb87b9c7c1f478845e21ab0",
            "user_data_base64": null,
            "volume_tags": {},
            "vpc_security_group_ids": [
              "sg-08fc8ba14fe6726c9"
            ]
          },
          "private": "eyJlMmJmYjczMC1lY2FhLTExZTYtOGY4OC0zNDM2M2JjN2M0YzAiOnsiY3JlYXRlIjo2MDAwMDAwMDAwMDAsImRlbGV0ZSI6MTIwMDAwMDAwMDAwMCwidXBkYXRlIjo2MDAwMDAwMDAwMDB9LCJzY2hlbWFfdmVyc2lvbiI6IjEifQ==",
          "depends_on": [
            "aws_key_pair.main",
            "aws_security_group.public",
            "aws_subnet.public",
            "data.aws_ami.default",
            "data.aws_availability_zones.available"
          ]
        }
      ]
    },
    {
      "mode": "managed",
      "type": "aws_internet_gateway",
      "name": "main",
      "provider": "provider.aws",
      "instances": [
        {
          "schema_version": 0,
          "attributes": {
            "id": "igw-020eca7bbad240a22",
            "owner_id": "133072409765",
            "tags": {
              "environment": "elk-test"
            },
            "vpc_id": "vpc-05da50b20e5b0984c"
          },
          "private": "bnVsbA==",
          "depends_on": [
            "aws_vpc.main"
          ]
        }
      ]
    },
    {
      "mode": "managed",
      "type": "aws_key_pair",
      "name": "main",
      "provider": "provider.aws",
      "instances": [
        {
          "schema_version": 1,
          "attributes": {
            "fingerprint": "fc:1a:f3:e9:5a:ae:f8:a8:ae:09:64:11:9a:87:ee:49",
            "id": "elk-test",
            "key_name": "elk-test",
            "key_name_prefix": null,
            "key_pair_id": "key-043a031b8af0f8a4b",
            "public_key": "ssh-rsa AAAAB3NzaC1yc2EAAAADAQABAAABAQDMykvx3G+8jwYafvTgz4pTRD5xVAlB3fEHx1LsOZj+YhAgN4p1PFGDfceOZXe0V0j+4cByPWxUrY/BVSRcv8IT1LjDb9sAz5FPdWojq9riae37i1/9RGis7U/DMjZoIOx+qbtX+d8Br91cqHqMndpVAaPY1wSXmK3Gf25uoSyIm06BTUspYQF8BduU8Y6qWOzLEdoIR0wGUj4rnb9Csn37EUNbzqQ23uyLtPNLsc028105E9oqNjiqnrY01XqfILvMnBi9r/BQXyanVJhmTm+5mbYzZEvy4ogkht0t26pVtR3C5l/cNHDDhHZJoon65KESQImDMKvCEWVgvMom674J",
            "tags": null
          },
          "private": "eyJzY2hlbWFfdmVyc2lvbiI6IjEifQ==",
          "depends_on": [
            "tls_private_key.main"
          ]
        }
      ]
    },
    {
      "mode": "managed",
      "type": "aws_lb",
      "name": "main",
      "provider": "provider.aws",
      "instances": [
        {
          "schema_version": 0,
          "attributes": {
            "access_logs": [
              {
                "bucket": "",
                "enabled": false,
                "prefix": ""
              }
            ],
            "arn": "arn:aws:elasticloadbalancing:eu-west-1:133072409765:loadbalancer/app/elk-test/b4072104f248b704",
            "arn_suffix": "app/elk-test/b4072104f248b704",
            "dns_name": "elk-test-272098067.eu-west-1.elb.amazonaws.com",
            "drop_invalid_header_fields": false,
            "enable_cross_zone_load_balancing": null,
            "enable_deletion_protection": false,
            "enable_http2": true,
            "id": "arn:aws:elasticloadbalancing:eu-west-1:133072409765:loadbalancer/app/elk-test/b4072104f248b704",
            "idle_timeout": 60,
            "internal": false,
            "ip_address_type": "ipv4",
            "load_balancer_type": "application",
            "name": "elk-test",
            "name_prefix": null,
            "security_groups": [
              "sg-08fc8ba14fe6726c9"
            ],
            "subnet_mapping": [
              {
                "allocation_id": "",
                "subnet_id": "subnet-07c69a0aee3ebdf03"
              },
              {
                "allocation_id": "",
                "subnet_id": "subnet-09d1cf747eac98405"
              },
              {
                "allocation_id": "",
                "subnet_id": "subnet-0a2d2ded3ba0bae9d"
              }
            ],
            "subnets": [
              "subnet-07c69a0aee3ebdf03",
              "subnet-09d1cf747eac98405",
              "subnet-0a2d2ded3ba0bae9d"
            ],
            "tags": {
              "Name": "elk-test",
              "environment": "test",
              "exposition": "public"
            },
            "timeouts": null,
            "vpc_id": "vpc-05da50b20e5b0984c",
            "zone_id": "Z32O12XQLNTSW2"
          },
          "private": "eyJlMmJmYjczMC1lY2FhLTExZTYtOGY4OC0zNDM2M2JjN2M0YzAiOnsiY3JlYXRlIjo2MDAwMDAwMDAwMDAsImRlbGV0ZSI6NjAwMDAwMDAwMDAwLCJ1cGRhdGUiOjYwMDAwMDAwMDAwMH19",
          "depends_on": [
            "aws_security_group.public",
            "aws_subnet.public"
          ]
        }
      ]
    },
    {
      "mode": "managed",
      "type": "aws_lb_listener",
      "name": "kibana",
      "provider": "provider.aws",
      "instances": [
        {
          "schema_version": 0,
          "attributes": {
            "arn": "arn:aws:elasticloadbalancing:eu-west-1:133072409765:listener/app/elk-test/b4072104f248b704/a610806eed91fcfa",
            "certificate_arn": null,
            "default_action": [
              {
                "authenticate_cognito": [],
                "authenticate_oidc": [],
                "fixed_response": [],
                "order": 1,
                "redirect": [],
                "target_group_arn": "arn:aws:elasticloadbalancing:eu-west-1:133072409765:targetgroup/elk-test-kibana/cb42b1907380e7ea",
                "type": "forward"
              }
            ],
            "id": "arn:aws:elasticloadbalancing:eu-west-1:133072409765:listener/app/elk-test/b4072104f248b704/a610806eed91fcfa",
            "load_balancer_arn": "arn:aws:elasticloadbalancing:eu-west-1:133072409765:loadbalancer/app/elk-test/b4072104f248b704",
            "port": 5601,
            "protocol": "HTTP",
            "ssl_policy": "",
            "timeouts": null
          },
          "private": "eyJlMmJmYjczMC1lY2FhLTExZTYtOGY4OC0zNDM2M2JjN2M0YzAiOnsicmVhZCI6NjAwMDAwMDAwMDAwfX0=",
          "depends_on": [
            "aws_lb.main",
            "aws_lb_target_group.kibana"
          ]
        }
      ]
    },
    {
      "mode": "managed",
      "type": "aws_lb_listener_rule",
      "name": "kibana",
      "provider": "provider.aws",
      "instances": [
        {
          "schema_version": 0,
          "attributes": {
            "action": [
              {
                "authenticate_cognito": [],
                "authenticate_oidc": [],
                "fixed_response": [],
                "order": 1,
                "redirect": [],
                "target_group_arn": "arn:aws:elasticloadbalancing:eu-west-1:133072409765:targetgroup/elk-test-kibana/cb42b1907380e7ea",
                "type": "forward"
              }
            ],
            "arn": "arn:aws:elasticloadbalancing:eu-west-1:133072409765:listener-rule/app/elk-test/b4072104f248b704/a610806eed91fcfa/8a5a4cad65e00843",
            "condition": [
              {
                "field": "path-pattern",
                "host_header": [],
                "http_header": [],
                "http_request_method": [],
                "path_pattern": [
                  {
                    "values": [
                      "/*"
                    ]
                  }
                ],
                "query_string": [],
                "source_ip": [],
                "values": [
                  "/*"
                ]
              }
            ],
            "id": "arn:aws:elasticloadbalancing:eu-west-1:133072409765:listener-rule/app/elk-test/b4072104f248b704/a610806eed91fcfa/8a5a4cad65e00843",
            "listener_arn": "arn:aws:elasticloadbalancing:eu-west-1:133072409765:listener/app/elk-test/b4072104f248b704/a610806eed91fcfa",
            "priority": 100
          },
          "private": "bnVsbA==",
          "depends_on": [
            "aws_lb_listener.kibana",
            "aws_lb_target_group.kibana"
          ]
        }
      ]
    },
    {
      "mode": "managed",
      "type": "aws_lb_target_group",
      "name": "kibana",
      "provider": "provider.aws",
      "instances": [
        {
          "schema_version": 0,
          "attributes": {
            "arn": "arn:aws:elasticloadbalancing:eu-west-1:133072409765:targetgroup/elk-test-kibana/cb42b1907380e7ea",
            "arn_suffix": "targetgroup/elk-test-kibana/cb42b1907380e7ea",
            "deregistration_delay": 300,
            "health_check": [
              {
                "enabled": true,
                "healthy_threshold": 5,
                "interval": 30,
                "matcher": "200",
                "path": "/",
                "port": "traffic-port",
                "protocol": "HTTP",
                "timeout": 5,
                "unhealthy_threshold": 2
              }
            ],
            "id": "arn:aws:elasticloadbalancing:eu-west-1:133072409765:targetgroup/elk-test-kibana/cb42b1907380e7ea",
            "lambda_multi_value_headers_enabled": false,
            "load_balancing_algorithm_type": "round_robin",
            "name": "elk-test-kibana",
            "name_prefix": null,
            "port": 5601,
            "protocol": "HTTP",
            "proxy_protocol_v2": false,
            "slow_start": 0,
            "stickiness": [
              {
                "cookie_duration": 86400,
                "enabled": false,
                "type": "lb_cookie"
              }
            ],
            "tags": null,
            "target_type": "instance",
            "vpc_id": "vpc-05da50b20e5b0984c"
          },
          "private": "bnVsbA==",
          "depends_on": [
            "aws_vpc.main"
          ]
        }
      ]
    },
    {
      "mode": "managed",
      "type": "aws_lb_target_group_attachment",
      "name": "kibana",
      "each": "list",
      "provider": "provider.aws",
      "instances": [
        {
          "index_key": 0,
          "schema_version": 0,
          "attributes": {
            "availability_zone": null,
            "id": "arn:aws:elasticloadbalancing:eu-west-1:133072409765:targetgroup/elk-test-kibana/cb42b1907380e7ea-20200526102123615000000004",
            "port": 5601,
            "target_group_arn": "arn:aws:elasticloadbalancing:eu-west-1:133072409765:targetgroup/elk-test-kibana/cb42b1907380e7ea",
            "target_id": "i-04ac0512c3f836f5e"
          },
          "private": "bnVsbA==",
          "depends_on": [
            "aws_instance.public",
            "aws_lb_target_group.kibana"
          ]
        },
        {
          "index_key": 1,
          "schema_version": 0,
          "attributes": {
            "availability_zone": null,
            "id": "arn:aws:elasticloadbalancing:eu-west-1:133072409765:targetgroup/elk-test-kibana/cb42b1907380e7ea-20200526102123573800000003",
            "port": 5601,
            "target_group_arn": "arn:aws:elasticloadbalancing:eu-west-1:133072409765:targetgroup/elk-test-kibana/cb42b1907380e7ea",
            "target_id": "i-056ae4c0d60a33d42"
          },
          "private": "bnVsbA==",
          "depends_on": [
            "aws_instance.public",
            "aws_lb_target_group.kibana"
          ]
        }
      ]
    },
    {
      "mode": "managed",
      "type": "aws_nat_gateway",
      "name": "nat",
      "provider": "provider.aws",
      "instances": [
        {
          "schema_version": 0,
          "attributes": {
            "allocation_id": "eipalloc-0bed433bedfabf1cc",
            "id": "nat-039b26f51db1c477b",
            "network_interface_id": "eni-0f4f3dde8eca721a9",
            "private_ip": "10.5.0.123",
            "public_ip": "54.77.127.18",
            "subnet_id": "subnet-09d1cf747eac98405",
            "tags": null
          },
          "private": "bnVsbA==",
          "depends_on": [
            "aws_eip.nat",
            "aws_subnet.public[0]"
          ]
        }
      ]
    },
    {
      "mode": "managed",
      "type": "aws_route_table",
      "name": "private",
      "provider": "provider.aws",
      "instances": [
        {
          "schema_version": 0,
          "attributes": {
            "id": "rtb-058aa2fd42475bcc7",
            "owner_id": "133072409765",
            "propagating_vgws": [],
            "route": [
              {
                "cidr_block": "0.0.0.0/0",
                "egress_only_gateway_id": "",
                "gateway_id": "",
                "instance_id": "",
                "ipv6_cidr_block": "",
                "nat_gateway_id": "nat-039b26f51db1c477b",
                "network_interface_id": "",
                "transit_gateway_id": "",
                "vpc_peering_connection_id": ""
              }
            ],
            "tags": {
              "environment": "elk-test",
              "exposition": "private"
            },
            "vpc_id": "vpc-05da50b20e5b0984c"
          },
          "private": "bnVsbA==",
          "depends_on": [
            "aws_nat_gateway.nat",
            "aws_vpc.main"
          ]
        }
      ]
    },
    {
      "mode": "managed",
      "type": "aws_route_table",
      "name": "public",
      "provider": "provider.aws",
      "instances": [
        {
          "schema_version": 0,
          "attributes": {
            "id": "rtb-0392676b8bd958dc0",
            "owner_id": "133072409765",
            "propagating_vgws": [],
            "route": [
              {
                "cidr_block": "0.0.0.0/0",
                "egress_only_gateway_id": "",
                "gateway_id": "igw-020eca7bbad240a22",
                "instance_id": "",
                "ipv6_cidr_block": "",
                "nat_gateway_id": "",
                "network_interface_id": "",
                "transit_gateway_id": "",
                "vpc_peering_connection_id": ""
              }
            ],
            "tags": {
              "environment": "elk-test",
              "exposition": "public"
            },
            "vpc_id": "vpc-05da50b20e5b0984c"
          },
          "private": "bnVsbA==",
          "depends_on": [
            "aws_internet_gateway.main",
            "aws_vpc.main"
          ]
        }
      ]
    },
    {
      "mode": "managed",
      "type": "aws_route_table_association",
      "name": "private",
      "each": "list",
      "provider": "provider.aws",
      "instances": [
        {
          "index_key": 0,
          "schema_version": 0,
          "attributes": {
            "gateway_id": null,
            "id": "rtbassoc-066b57fccb08eb09d",
            "route_table_id": "rtb-058aa2fd42475bcc7",
            "subnet_id": "subnet-02b5feb4431940b43"
          },
          "private": "bnVsbA==",
          "depends_on": [
            "aws_route_table.private",
            "aws_subnet.private"
          ]
        },
        {
          "index_key": 1,
          "schema_version": 0,
          "attributes": {
            "gateway_id": null,
            "id": "rtbassoc-0d49168d2adc0006f",
            "route_table_id": "rtb-058aa2fd42475bcc7",
            "subnet_id": "subnet-0e2923c146cc66d22"
          },
          "private": "bnVsbA==",
          "depends_on": [
            "aws_route_table.private",
            "aws_subnet.private"
          ]
        },
        {
          "index_key": 2,
          "schema_version": 0,
          "attributes": {
            "gateway_id": null,
            "id": "rtbassoc-095bcfc3d5057fd81",
            "route_table_id": "rtb-058aa2fd42475bcc7",
            "subnet_id": "subnet-0735ee11d61595034"
          },
          "private": "bnVsbA==",
          "depends_on": [
            "aws_route_table.private",
            "aws_subnet.private"
          ]
        }
      ]
    },
    {
      "mode": "managed",
      "type": "aws_route_table_association",
      "name": "public",
      "each": "list",
      "provider": "provider.aws",
      "instances": [
        {
          "index_key": 0,
          "schema_version": 0,
          "attributes": {
            "gateway_id": null,
            "id": "rtbassoc-051962e624c25aac3",
            "route_table_id": "rtb-0392676b8bd958dc0",
            "subnet_id": "subnet-09d1cf747eac98405"
          },
          "private": "bnVsbA==",
          "depends_on": [
            "aws_route_table.public",
            "aws_subnet.public"
          ]
        },
        {
          "index_key": 1,
          "schema_version": 0,
          "attributes": {
            "gateway_id": null,
            "id": "rtbassoc-067abdab7aaa0abc7",
            "route_table_id": "rtb-0392676b8bd958dc0",
            "subnet_id": "subnet-07c69a0aee3ebdf03"
          },
          "private": "bnVsbA==",
          "depends_on": [
            "aws_route_table.public",
            "aws_subnet.public"
          ]
        },
        {
          "index_key": 2,
          "schema_version": 0,
          "attributes": {
            "gateway_id": null,
            "id": "rtbassoc-0700e7d2fc759b4e3",
            "route_table_id": "rtb-0392676b8bd958dc0",
            "subnet_id": "subnet-0a2d2ded3ba0bae9d"
          },
          "private": "bnVsbA==",
          "depends_on": [
            "aws_route_table.public",
            "aws_subnet.public"
          ]
        }
      ]
    },
    {
      "mode": "managed",
      "type": "aws_security_group",
      "name": "private",
      "provider": "provider.aws",
      "instances": [
        {
          "schema_version": 1,
          "attributes": {
            "arn": "arn:aws:ec2:eu-west-1:133072409765:security-group/sg-03b0b0a27f91a520a",
            "description": "Managed by Terraform",
            "egress": [
              {
                "cidr_blocks": [
                  "0.0.0.0/0"
                ],
                "description": "Allow all outbound",
                "from_port": 0,
                "ipv6_cidr_blocks": [],
                "prefix_list_ids": [],
                "protocol": "tcp",
                "security_groups": [],
                "self": false,
                "to_port": 65535
              }
            ],
            "id": "sg-03b0b0a27f91a520a",
            "ingress": [
              {
                "cidr_blocks": [
                  "10.5.0.0/16"
                ],
                "description": "ES Discover",
                "from_port": 9300,
                "ipv6_cidr_blocks": [],
                "prefix_list_ids": [],
                "protocol": "tcp",
                "security_groups": [],
                "self": false,
                "to_port": 9300
              },
              {
                "cidr_blocks": [
                  "10.5.0.0/16"
                ],
                "description": "ES HTTP",
                "from_port": 9200,
                "ipv6_cidr_blocks": [],
                "prefix_list_ids": [],
                "protocol": "tcp",
                "security_groups": [],
                "self": false,
                "to_port": 9200
              },
              {
                "cidr_blocks": [
                  "10.5.0.0/16"
                ],
                "description": "Logstash pipelines",
                "from_port": 5044,
                "ipv6_cidr_blocks": [],
                "prefix_list_ids": [],
                "protocol": "tcp",
                "security_groups": [],
                "self": false,
                "to_port": 5050
              },
              {
                "cidr_blocks": [
                  "10.5.0.0/16"
                ],
                "description": "Monitoring ports",
                "from_port": 9600,
                "ipv6_cidr_blocks": [],
                "prefix_list_ids": [],
                "protocol": "tcp",
                "security_groups": [],
                "self": false,
                "to_port": 9610
              },
              {
                "cidr_blocks": [
                  "10.5.0.0/16"
                ],
                "description": "SSH",
                "from_port": 22,
                "ipv6_cidr_blocks": [],
                "prefix_list_ids": [],
                "protocol": "tcp",
                "security_groups": [],
                "self": false,
                "to_port": 22
              }
            ],
            "name": "terraform-20200526102045961700000002",
            "name_prefix": null,
            "owner_id": "133072409765",
            "revoke_rules_on_delete": false,
            "tags": {
              "Name": "elk-test-private",
              "environment": "test",
              "exposition": "private"
            },
            "timeouts": null,
            "vpc_id": "vpc-05da50b20e5b0984c"
          },
          "private": "eyJlMmJmYjczMC1lY2FhLTExZTYtOGY4OC0zNDM2M2JjN2M0YzAiOnsiY3JlYXRlIjo2MDAwMDAwMDAwMDAsImRlbGV0ZSI6NjAwMDAwMDAwMDAwfSwic2NoZW1hX3ZlcnNpb24iOiIxIn0=",
          "depends_on": [
            "aws_vpc.main"
          ]
        }
      ]
    },
    {
      "mode": "managed",
      "type": "aws_security_group",
      "name": "public",
      "provider": "provider.aws",
      "instances": [
        {
          "schema_version": 1,
          "attributes": {
            "arn": "arn:aws:ec2:eu-west-1:133072409765:security-group/sg-08fc8ba14fe6726c9",
            "description": "Managed by Terraform",
            "egress": [
              {
                "cidr_blocks": [
                  "0.0.0.0/0"
                ],
                "description": "Allow all outbound",
                "from_port": 0,
                "ipv6_cidr_blocks": [],
                "prefix_list_ids": [],
                "protocol": "tcp",
                "security_groups": [],
                "self": false,
                "to_port": 65535
              }
            ],
            "id": "sg-08fc8ba14fe6726c9",
            "ingress": [
              {
                "cidr_blocks": [
                  "0.0.0.0/0"
                ],
                "description": "Kibana HTTP external",
                "from_port": 5601,
                "ipv6_cidr_blocks": [],
                "prefix_list_ids": [],
                "protocol": "tcp",
                "security_groups": [],
                "self": false,
                "to_port": 5601
              },
              {
                "cidr_blocks": [
                  "0.0.0.0/0"
                ],
                "description": "SSH",
                "from_port": 22,
                "ipv6_cidr_blocks": [],
                "prefix_list_ids": [],
                "protocol": "tcp",
                "security_groups": [],
                "self": false,
                "to_port": 22
              },
              {
                "cidr_blocks": [
                  "10.5.0.0/16"
                ],
                "description": "Monitoring ports",
                "from_port": 9600,
                "ipv6_cidr_blocks": [],
                "prefix_list_ids": [],
                "protocol": "tcp",
                "security_groups": [],
                "self": false,
                "to_port": 9610
              }
            ],
            "name": "terraform-20200526102045954400000001",
            "name_prefix": null,
            "owner_id": "133072409765",
            "revoke_rules_on_delete": false,
            "tags": {
              "Name": "elk-test-private",
              "environment": "test",
              "exposition": "public"
            },
            "timeouts": null,
            "vpc_id": "vpc-05da50b20e5b0984c"
          },
          "private": "eyJlMmJmYjczMC1lY2FhLTExZTYtOGY4OC0zNDM2M2JjN2M0YzAiOnsiY3JlYXRlIjo2MDAwMDAwMDAwMDAsImRlbGV0ZSI6NjAwMDAwMDAwMDAwfSwic2NoZW1hX3ZlcnNpb24iOiIxIn0=",
          "depends_on": [
            "aws_vpc.main"
          ]
        }
      ]
    },
    {
      "mode": "managed",
      "type": "aws_subnet",
      "name": "private",
      "each": "list",
      "provider": "provider.aws",
      "instances": [
        {
          "index_key": 0,
          "schema_version": 1,
          "attributes": {
            "arn": "arn:aws:ec2:eu-west-1:133072409765:subnet/subnet-02b5feb4431940b43",
            "assign_ipv6_address_on_creation": false,
            "availability_zone": "eu-west-1a",
            "availability_zone_id": "euw1-az1",
            "cidr_block": "10.5.3.0/24",
            "id": "subnet-02b5feb4431940b43",
            "ipv6_cidr_block": "",
            "ipv6_cidr_block_association_id": "",
            "map_public_ip_on_launch": false,
            "outpost_arn": "",
            "owner_id": "133072409765",
            "tags": {
              "Name": "elk-test-private-01",
              "az": "eu-west-1a",
              "environment": "elk-test"
            },
            "timeouts": null,
            "vpc_id": "vpc-05da50b20e5b0984c"
          },
          "private": "eyJlMmJmYjczMC1lY2FhLTExZTYtOGY4OC0zNDM2M2JjN2M0YzAiOnsiY3JlYXRlIjo2MDAwMDAwMDAwMDAsImRlbGV0ZSI6MTIwMDAwMDAwMDAwMH0sInNjaGVtYV92ZXJzaW9uIjoiMSJ9",
          "depends_on": [
            "aws_vpc.main",
            "data.aws_availability_zones.available"
          ]
        },
        {
          "index_key": 1,
          "schema_version": 1,
          "attributes": {
            "arn": "arn:aws:ec2:eu-west-1:133072409765:subnet/subnet-0e2923c146cc66d22",
            "assign_ipv6_address_on_creation": false,
            "availability_zone": "eu-west-1b",
            "availability_zone_id": "euw1-az2",
            "cidr_block": "10.5.4.0/24",
            "id": "subnet-0e2923c146cc66d22",
            "ipv6_cidr_block": "",
            "ipv6_cidr_block_association_id": "",
            "map_public_ip_on_launch": false,
            "outpost_arn": "",
            "owner_id": "133072409765",
            "tags": {
              "Name": "elk-test-private-02",
              "az": "eu-west-1a",
              "environment": "elk-test"
            },
            "timeouts": null,
            "vpc_id": "vpc-05da50b20e5b0984c"
          },
          "private": "eyJlMmJmYjczMC1lY2FhLTExZTYtOGY4OC0zNDM2M2JjN2M0YzAiOnsiY3JlYXRlIjo2MDAwMDAwMDAwMDAsImRlbGV0ZSI6MTIwMDAwMDAwMDAwMH0sInNjaGVtYV92ZXJzaW9uIjoiMSJ9",
          "depends_on": [
            "aws_vpc.main",
            "data.aws_availability_zones.available"
          ]
        },
        {
          "index_key": 2,
          "schema_version": 1,
          "attributes": {
            "arn": "arn:aws:ec2:eu-west-1:133072409765:subnet/subnet-0735ee11d61595034",
            "assign_ipv6_address_on_creation": false,
            "availability_zone": "eu-west-1c",
            "availability_zone_id": "euw1-az3",
            "cidr_block": "10.5.5.0/24",
            "id": "subnet-0735ee11d61595034",
            "ipv6_cidr_block": "",
            "ipv6_cidr_block_association_id": "",
            "map_public_ip_on_launch": false,
            "outpost_arn": "",
            "owner_id": "133072409765",
            "tags": {
              "Name": "elk-test-private-03",
              "az": "eu-west-1a",
              "environment": "elk-test"
            },
            "timeouts": null,
            "vpc_id": "vpc-05da50b20e5b0984c"
          },
          "private": "eyJlMmJmYjczMC1lY2FhLTExZTYtOGY4OC0zNDM2M2JjN2M0YzAiOnsiY3JlYXRlIjo2MDAwMDAwMDAwMDAsImRlbGV0ZSI6MTIwMDAwMDAwMDAwMH0sInNjaGVtYV92ZXJzaW9uIjoiMSJ9",
          "depends_on": [
            "aws_vpc.main",
            "data.aws_availability_zones.available"
          ]
        }
      ]
    },
    {
      "mode": "managed",
      "type": "aws_subnet",
      "name": "public",
      "each": "list",
      "provider": "provider.aws",
      "instances": [
        {
          "index_key": 0,
          "schema_version": 1,
          "attributes": {
            "arn": "arn:aws:ec2:eu-west-1:133072409765:subnet/subnet-09d1cf747eac98405",
            "assign_ipv6_address_on_creation": false,
            "availability_zone": "eu-west-1a",
            "availability_zone_id": "euw1-az1",
            "cidr_block": "10.5.0.0/24",
            "id": "subnet-09d1cf747eac98405",
            "ipv6_cidr_block": "",
            "ipv6_cidr_block_association_id": "",
            "map_public_ip_on_launch": true,
            "outpost_arn": "",
            "owner_id": "133072409765",
            "tags": {
              "Name": "elk-test-public-01",
              "az": "eu-west-1a",
              "environment": "elk-test"
            },
            "timeouts": null,
            "vpc_id": "vpc-05da50b20e5b0984c"
          },
          "private": "eyJlMmJmYjczMC1lY2FhLTExZTYtOGY4OC0zNDM2M2JjN2M0YzAiOnsiY3JlYXRlIjo2MDAwMDAwMDAwMDAsImRlbGV0ZSI6MTIwMDAwMDAwMDAwMH0sInNjaGVtYV92ZXJzaW9uIjoiMSJ9",
          "depends_on": [
            "aws_vpc.main",
            "data.aws_availability_zones.available"
          ]
        },
        {
          "index_key": 1,
          "schema_version": 1,
          "attributes": {
            "arn": "arn:aws:ec2:eu-west-1:133072409765:subnet/subnet-07c69a0aee3ebdf03",
            "assign_ipv6_address_on_creation": false,
            "availability_zone": "eu-west-1b",
            "availability_zone_id": "euw1-az2",
            "cidr_block": "10.5.1.0/24",
            "id": "subnet-07c69a0aee3ebdf03",
            "ipv6_cidr_block": "",
            "ipv6_cidr_block_association_id": "",
            "map_public_ip_on_launch": true,
            "outpost_arn": "",
            "owner_id": "133072409765",
            "tags": {
              "Name": "elk-test-public-02",
              "az": "eu-west-1b",
              "environment": "elk-test"
            },
            "timeouts": null,
            "vpc_id": "vpc-05da50b20e5b0984c"
          },
          "private": "eyJlMmJmYjczMC1lY2FhLTExZTYtOGY4OC0zNDM2M2JjN2M0YzAiOnsiY3JlYXRlIjo2MDAwMDAwMDAwMDAsImRlbGV0ZSI6MTIwMDAwMDAwMDAwMH0sInNjaGVtYV92ZXJzaW9uIjoiMSJ9",
          "depends_on": [
            "aws_vpc.main",
            "data.aws_availability_zones.available"
          ]
        },
        {
          "index_key": 2,
          "schema_version": 1,
          "attributes": {
            "arn": "arn:aws:ec2:eu-west-1:133072409765:subnet/subnet-0a2d2ded3ba0bae9d",
            "assign_ipv6_address_on_creation": false,
            "availability_zone": "eu-west-1c",
            "availability_zone_id": "euw1-az3",
            "cidr_block": "10.5.2.0/24",
            "id": "subnet-0a2d2ded3ba0bae9d",
            "ipv6_cidr_block": "",
            "ipv6_cidr_block_association_id": "",
            "map_public_ip_on_launch": true,
            "outpost_arn": "",
            "owner_id": "133072409765",
            "tags": {
              "Name": "elk-test-public-03",
              "az": "eu-west-1c",
              "environment": "elk-test"
            },
            "timeouts": null,
            "vpc_id": "vpc-05da50b20e5b0984c"
          },
          "private": "eyJlMmJmYjczMC1lY2FhLTExZTYtOGY4OC0zNDM2M2JjN2M0YzAiOnsiY3JlYXRlIjo2MDAwMDAwMDAwMDAsImRlbGV0ZSI6MTIwMDAwMDAwMDAwMH0sInNjaGVtYV92ZXJzaW9uIjoiMSJ9",
          "depends_on": [
            "aws_vpc.main",
            "data.aws_availability_zones.available"
          ]
        }
      ]
    },
    {
      "mode": "managed",
      "type": "aws_vpc",
      "name": "main",
      "provider": "provider.aws",
      "instances": [
        {
          "schema_version": 1,
          "attributes": {
            "arn": "arn:aws:ec2:eu-west-1:133072409765:vpc/vpc-05da50b20e5b0984c",
            "assign_generated_ipv6_cidr_block": false,
            "cidr_block": "10.5.0.0/16",
            "default_network_acl_id": "acl-0dc02ee4b10bab107",
            "default_route_table_id": "rtb-08fb6027f283902c2",
            "default_security_group_id": "sg-0871a5d4a3f43d2d2",
            "dhcp_options_id": "dopt-6a2e0a0c",
            "enable_classiclink": false,
            "enable_classiclink_dns_support": false,
            "enable_dns_hostnames": true,
            "enable_dns_support": true,
            "id": "vpc-05da50b20e5b0984c",
            "instance_tenancy": "default",
            "ipv6_association_id": "",
            "ipv6_cidr_block": "",
            "main_route_table_id": "rtb-08fb6027f283902c2",
            "owner_id": "133072409765",
            "tags": {
              "environment": "elk-test"
            }
          },
          "private": "eyJzY2hlbWFfdmVyc2lvbiI6IjEifQ=="
        }
      ]
    },
    {
      "mode": "managed",
      "type": "tls_private_key",
      "name": "main",
      "provider": "provider.tls",
      "instances": [
        {
          "schema_version": 0,
          "attributes": {
            "algorithm": "RSA",
            "ecdsa_curve": "P224",
            "id": "23760954577cedfed9293c7f620a257ede302510",
            "private_key_pem": "-----BEGIN RSA PRIVATE KEY-----\nMIIEpAIBAAKCAQEAzMpL8dxvvI8GGn704M+KU0Q+cVQJQd3xB8dS7DmY/mIQIDeK\ndTxRg33HjmV3tFdI/uHAcj1sVK2PwVUkXL/CE9S4w2/bAM+RT3VqI6va4mnt+4tf\n/URorO1PwzI2aCDsfqm7V/nfAa/dXKh6jJ3aVQGj2NcEl5itxn9ubqEsiJtOgU1L\nKWEBfAXblPGOqljsyxHaCEdMBlI+K52/QrJ9+xFDW86kNt7si7TzS7HNNvNdORPa\nKjY4qp62NNV6nyC7zJwYva/wUF8mp1SYZk5vuZm2M2RL8uKIJIbdLduqVbUdwuZf\n3DRww4R2SaKJ+uShEkCJgzCrwhFlYLzKJuu+CQIDAQABAoIBAQCA/etYLME0w+HU\nTqNv90npqNKsD4LFOkbX33Ub1ivID3yYzmMn9RZi/Jb12nPL5C7WXNwbGRVjQO+L\nl1WQFjjoxNScRZhsqlGc+xgf39+/PXnpN6D+plhIlDHpgXdDn3lXTxHyGDGfnmaQ\nNo76g3NCmAXcT5NU6ZaLsTid9mdWo1tHe2hUCc8MOzD6xtT/vIEdgZqMRPzFeRnC\nMTAI40a8mTJ7D3m1//NPRRtEIRJdMMBt69uk3bGSkWuPe0y/jwxNnWV69/2QGcdk\nOJza4PSUKcuHvPSVhRT1X9xWj2Afiu9CaVhR4nZV2YM4lK75HN5t/UxWGGXXqjz4\ns/CmGNkBAoGBAPcTAQcSKm9FfETuvhW8YlDsiUvyldzD/tylG/19YGhV8r3SIqjq\nDSRH3DwqwRRP+BT92fsF47bZ8AHSvhiqjIytH0N1oXE+YwNccO7LD7uSzeuOzL9s\nFaed3wjX5epO0i2tmzakDl4sF8IT0odZGBVupzvnWK61GQ1msBrxexrXAoGBANQw\nPa5dJ0V5jMftS/t3+cdd69Q/9zuY6ZyxTdk5fgsgwPVWda0TtI1t9wNGqyAbWlqy\nBWvv+RDL5q3UKEY0Tqc0qV2p6HC7UO25Oi4MxY24RQvS+gC0Fgo8G5055+qZ3nrq\nRqEcy4dT2n1TboZRJ6+whkmE/h2x+v51Lo+xNrIfAoGBALTOJGdfRMxuxfTP3Syc\n0jm0DvkUCdUnXJ9s+CG1mVJg6yU73H9N39YX/DPPecH6j2oVJmpLMgvCSp+a79+v\nFvFvUzyTnVP4uo5gHIiy8s1qLeTeeDjwyJwDrI6VJ7wieC5TKA2BWr5ReAVfaiX/\n7d7pPdpZfw1Cm5Wx+teMtXC7AoGATFJxzUb6ejXnWn5TR0d3U6vHyNedQRWWaeMo\nokrYuH32igioWTHuTrTQFaCUqv7LuDWyV4nAp7b/6WSXe/ESnXgGt4cG8Y2e5XMr\npya25Gv0gfVIMXqVNuc584rBjZP8/29HKmpmFu4ld9DLv4pvYPV4x/cLRHkhU+eo\ncM0IZHcCgYAVvzf9Sf6Z92oXFFBTXkqWbATJdmVcP3zE0lE8d64NxXzibzYO4wPA\n07wtOSwZp65fKeJslPMUoPsU0GEdfQXHzUpqdA5hxQuDMluy6j2pS2aHxM5jggBK\nQWzB6MVy01AjOdYqCxcSRFPE4IXfNaGwyR6MjBwPAti2041mdWPRdQ==\n-----END RSA PRIVATE KEY-----\n",
            "public_key_fingerprint_md5": "a8:67:dd:81:9f:db:6b:8b:61:fd:e7:0a:d7:1f:85:98",
            "public_key_openssh": "ssh-rsa AAAAB3NzaC1yc2EAAAADAQABAAABAQDMykvx3G+8jwYafvTgz4pTRD5xVAlB3fEHx1LsOZj+YhAgN4p1PFGDfceOZXe0V0j+4cByPWxUrY/BVSRcv8IT1LjDb9sAz5FPdWojq9riae37i1/9RGis7U/DMjZoIOx+qbtX+d8Br91cqHqMndpVAaPY1wSXmK3Gf25uoSyIm06BTUspYQF8BduU8Y6qWOzLEdoIR0wGUj4rnb9Csn37EUNbzqQ23uyLtPNLsc028105E9oqNjiqnrY01XqfILvMnBi9r/BQXyanVJhmTm+5mbYzZEvy4ogkht0t26pVtR3C5l/cNHDDhHZJoon65KESQImDMKvCEWVgvMom674J\n",
            "public_key_pem": "-----BEGIN PUBLIC KEY-----\nMIIBIjANBgkqhkiG9w0BAQEFAAOCAQ8AMIIBCgKCAQEAzMpL8dxvvI8GGn704M+K\nU0Q+cVQJQd3xB8dS7DmY/mIQIDeKdTxRg33HjmV3tFdI/uHAcj1sVK2PwVUkXL/C\nE9S4w2/bAM+RT3VqI6va4mnt+4tf/URorO1PwzI2aCDsfqm7V/nfAa/dXKh6jJ3a\nVQGj2NcEl5itxn9ubqEsiJtOgU1LKWEBfAXblPGOqljsyxHaCEdMBlI+K52/QrJ9\n+xFDW86kNt7si7TzS7HNNvNdORPaKjY4qp62NNV6nyC7zJwYva/wUF8mp1SYZk5v\nuZm2M2RL8uKIJIbdLduqVbUdwuZf3DRww4R2SaKJ+uShEkCJgzCrwhFlYLzKJuu+\nCQIDAQAB\n-----END PUBLIC KEY-----\n",
            "rsa_bits": 2048
          },
          "private": "bnVsbA=="
        }
      ]
    }
  ]
}
